// !$*UTF8*$!
{
	archiveVersion = 1;
	classes = {
	};
	objectVersion = 50;
	objects = {

/* Begin PBXBuildFile section */
		D82CBFC6246DAFA400467942 /* AppDelegate.swift in Sources */ = {isa = PBXBuildFile; fileRef = D82CBFC5246DAFA400467942 /* AppDelegate.swift */; };
		D82CBFC8246DAFA400467942 /* SceneDelegate.swift in Sources */ = {isa = PBXBuildFile; fileRef = D82CBFC7246DAFA400467942 /* SceneDelegate.swift */; };
		D82CBFCA246DAFA400467942 /* ViewController.swift in Sources */ = {isa = PBXBuildFile; fileRef = D82CBFC9246DAFA400467942 /* ViewController.swift */; };
		D82CBFCD246DAFA400467942 /* Main.storyboard in Resources */ = {isa = PBXBuildFile; fileRef = D82CBFCB246DAFA400467942 /* Main.storyboard */; };
		D82CBFD0246DAFA400467942 /* task_21.xcdatamodeld in Sources */ = {isa = PBXBuildFile; fileRef = D82CBFCE246DAFA400467942 /* task_21.xcdatamodeld */; };
		D82CBFD2246DAFA600467942 /* Assets.xcassets in Resources */ = {isa = PBXBuildFile; fileRef = D82CBFD1246DAFA600467942 /* Assets.xcassets */; };
		D82CBFD5246DAFA600467942 /* LaunchScreen.storyboard in Resources */ = {isa = PBXBuildFile; fileRef = D82CBFD3246DAFA600467942 /* LaunchScreen.storyboard */; };
		D82CBFDE246DB53D00467942 /* RegistrationViewController.swift in Sources */ = {isa = PBXBuildFile; fileRef = D82CBFDD246DB53D00467942 /* RegistrationViewController.swift */; };
		D82CBFE0246DB6AE00467942 /* NotesViewController.swift in Sources */ = {isa = PBXBuildFile; fileRef = D82CBFDF246DB6AE00467942 /* NotesViewController.swift */; };
		D82CBFE2246DB70100467942 /* NotesCell.swift in Sources */ = {isa = PBXBuildFile; fileRef = D82CBFE1246DB70100467942 /* NotesCell.swift */; };
		D82CBFE4246DB97C00467942 /* AddNotesViewController.swift in Sources */ = {isa = PBXBuildFile; fileRef = D82CBFE3246DB97C00467942 /* AddNotesViewController.swift */; };
		D88E4AD6246DED3C00C60649 /* Note+CoreDataClass.swift in Sources */ = {isa = PBXBuildFile; fileRef = D88E4AD2246DED3C00C60649 /* Note+CoreDataClass.swift */; };
		D88E4AD7246DED3C00C60649 /* Note+CoreDataProperties.swift in Sources */ = {isa = PBXBuildFile; fileRef = D88E4AD3246DED3C00C60649 /* Note+CoreDataProperties.swift */; };
		D88E4AD8246DED3C00C60649 /* User+CoreDataClass.swift in Sources */ = {isa = PBXBuildFile; fileRef = D88E4AD4246DED3C00C60649 /* User+CoreDataClass.swift */; };
		D88E4AD9246DED3C00C60649 /* User+CoreDataProperties.swift in Sources */ = {isa = PBXBuildFile; fileRef = D88E4AD5246DED3C00C60649 /* User+CoreDataProperties.swift */; };
/* End PBXBuildFile section */

/* Begin PBXFileReference section */
		D82CBFC2246DAFA400467942 /* task_21.app */ = {isa = PBXFileReference; explicitFileType = wrapper.application; includeInIndex = 0; path = task_21.app; sourceTree = BUILT_PRODUCTS_DIR; };
		D82CBFC5246DAFA400467942 /* AppDelegate.swift */ = {isa = PBXFileReference; lastKnownFileType = sourcecode.swift; path = AppDelegate.swift; sourceTree = "<group>"; };
		D82CBFC7246DAFA400467942 /* SceneDelegate.swift */ = {isa = PBXFileReference; lastKnownFileType = sourcecode.swift; path = SceneDelegate.swift; sourceTree = "<group>"; };
		D82CBFC9246DAFA400467942 /* ViewController.swift */ = {isa = PBXFileReference; lastKnownFileType = sourcecode.swift; path = ViewController.swift; sourceTree = "<group>"; };
		D82CBFCC246DAFA400467942 /* Base */ = {isa = PBXFileReference; lastKnownFileType = file.storyboard; name = Base; path = Base.lproj/Main.storyboard; sourceTree = "<group>"; };
		D82CBFCF246DAFA400467942 /* task_21.xcdatamodel */ = {isa = PBXFileReference; lastKnownFileType = wrapper.xcdatamodel; path = task_21.xcdatamodel; sourceTree = "<group>"; };
		D82CBFD1246DAFA600467942 /* Assets.xcassets */ = {isa = PBXFileReference; lastKnownFileType = folder.assetcatalog; path = Assets.xcassets; sourceTree = "<group>"; };
		D82CBFD4246DAFA600467942 /* Base */ = {isa = PBXFileReference; lastKnownFileType = file.storyboard; name = Base; path = Base.lproj/LaunchScreen.storyboard; sourceTree = "<group>"; };
		D82CBFD6246DAFA600467942 /* Info.plist */ = {isa = PBXFileReference; lastKnownFileType = text.plist.xml; path = Info.plist; sourceTree = "<group>"; };
		D82CBFDD246DB53D00467942 /* RegistrationViewController.swift */ = {isa = PBXFileReference; lastKnownFileType = sourcecode.swift; path = RegistrationViewController.swift; sourceTree = "<group>"; };
		D82CBFDF246DB6AE00467942 /* NotesViewController.swift */ = {isa = PBXFileReference; lastKnownFileType = sourcecode.swift; path = NotesViewController.swift; sourceTree = "<group>"; };
		D82CBFE1246DB70100467942 /* NotesCell.swift */ = {isa = PBXFileReference; lastKnownFileType = sourcecode.swift; path = NotesCell.swift; sourceTree = "<group>"; };
		D82CBFE3246DB97C00467942 /* AddNotesViewController.swift */ = {isa = PBXFileReference; lastKnownFileType = sourcecode.swift; path = AddNotesViewController.swift; sourceTree = "<group>"; };
		D88E4AD2246DED3C00C60649 /* Note+CoreDataClass.swift */ = {isa = PBXFileReference; lastKnownFileType = sourcecode.swift; path = "Note+CoreDataClass.swift"; sourceTree = SOURCE_ROOT; };
		D88E4AD3246DED3C00C60649 /* Note+CoreDataProperties.swift */ = {isa = PBXFileReference; lastKnownFileType = sourcecode.swift; path = "Note+CoreDataProperties.swift"; sourceTree = SOURCE_ROOT; };
		D88E4AD4246DED3C00C60649 /* User+CoreDataClass.swift */ = {isa = PBXFileReference; lastKnownFileType = sourcecode.swift; path = "User+CoreDataClass.swift"; sourceTree = SOURCE_ROOT; };
		D88E4AD5246DED3C00C60649 /* User+CoreDataProperties.swift */ = {isa = PBXFileReference; lastKnownFileType = sourcecode.swift; path = "User+CoreDataProperties.swift"; sourceTree = SOURCE_ROOT; };
/* End PBXFileReference section */

/* Begin PBXFrameworksBuildPhase section */
		D82CBFBF246DAFA400467942 /* Frameworks */ = {
			isa = PBXFrameworksBuildPhase;
			buildActionMask = 2147483647;
			files = (
			);
			runOnlyForDeploymentPostprocessing = 0;
		};
/* End PBXFrameworksBuildPhase section */

/* Begin PBXGroup section */
		D82CBFB9246DAFA400467942 = {
			isa = PBXGroup;
			children = (
				D82CBFC4246DAFA400467942 /* task_21 */,
				D82CBFC3246DAFA400467942 /* Products */,
			);
			sourceTree = "<group>";
		};
		D82CBFC3246DAFA400467942 /* Products */ = {
			isa = PBXGroup;
			children = (
				D82CBFC2246DAFA400467942 /* task_21.app */,
			);
			name = Products;
			sourceTree = "<group>";
		};
		D82CBFC4246DAFA400467942 /* task_21 */ = {
			isa = PBXGroup;
			children = (
				D88E4AD2246DED3C00C60649 /* Note+CoreDataClass.swift */,
				D88E4AD3246DED3C00C60649 /* Note+CoreDataProperties.swift */,
				D88E4AD4246DED3C00C60649 /* User+CoreDataClass.swift */,
				D88E4AD5246DED3C00C60649 /* User+CoreDataProperties.swift */,
				D82CBFDC246DB51200467942 /* controllers */,
				D82CBFC5246DAFA400467942 /* AppDelegate.swift */,
				D82CBFC7246DAFA400467942 /* SceneDelegate.swift */,
				D82CBFCB246DAFA400467942 /* Main.storyboard */,
				D82CBFD1246DAFA600467942 /* Assets.xcassets */,
				D82CBFD3246DAFA600467942 /* LaunchScreen.storyboard */,
				D82CBFD6246DAFA600467942 /* Info.plist */,
				D82CBFCE246DAFA400467942 /* task_21.xcdatamodeld */,
				D82CBFE1246DB70100467942 /* NotesCell.swift */,
			);
			path = task_21;
			sourceTree = "<group>";
		};
		D82CBFDC246DB51200467942 /* controllers */ = {
			isa = PBXGroup;
			children = (
				D82CBFC9246DAFA400467942 /* ViewController.swift */,
				D82CBFDD246DB53D00467942 /* RegistrationViewController.swift */,
				D82CBFDF246DB6AE00467942 /* NotesViewController.swift */,
				D82CBFE3246DB97C00467942 /* AddNotesViewController.swift */,
			);
			path = controllers;
			sourceTree = "<group>";
		};
/* End PBXGroup section */

/* Begin PBXNativeTarget section */
		D82CBFC1246DAFA400467942 /* task_21 */ = {
			isa = PBXNativeTarget;
			buildConfigurationList = D82CBFD9246DAFA600467942 /* Build configuration list for PBXNativeTarget "task_21" */;
			buildPhases = (
				D82CBFBE246DAFA400467942 /* Sources */,
				D82CBFBF246DAFA400467942 /* Frameworks */,
				D82CBFC0246DAFA400467942 /* Resources */,
			);
			buildRules = (
			);
			dependencies = (
			);
			name = task_21;
			productName = task_21;
			productReference = D82CBFC2246DAFA400467942 /* task_21.app */;
			productType = "com.apple.product-type.application";
		};
/* End PBXNativeTarget section */

/* Begin PBXProject section */
		D82CBFBA246DAFA400467942 /* Project object */ = {
			isa = PBXProject;
			attributes = {
				LastSwiftUpdateCheck = 1140;
				LastUpgradeCheck = 1140;
				ORGANIZATIONNAME = TBC;
				TargetAttributes = {
					D82CBFC1246DAFA400467942 = {
						CreatedOnToolsVersion = 11.4.1;
					};
				};
			};
			buildConfigurationList = D82CBFBD246DAFA400467942 /* Build configuration list for PBXProject "task_21" */;
			compatibilityVersion = "Xcode 9.3";
			developmentRegion = en;
			hasScannedForEncodings = 0;
			knownRegions = (
				en,
				Base,
			);
			mainGroup = D82CBFB9246DAFA400467942;
			productRefGroup = D82CBFC3246DAFA400467942 /* Products */;
			projectDirPath = "";
			projectRoot = "";
			targets = (
				D82CBFC1246DAFA400467942 /* task_21 */,
			);
		};
/* End PBXProject section */

/* Begin PBXResourcesBuildPhase section */
		D82CBFC0246DAFA400467942 /* Resources */ = {
			isa = PBXResourcesBuildPhase;
			buildActionMask = 2147483647;
			files = (
				D82CBFD5246DAFA600467942 /* LaunchScreen.storyboard in Resources */,
				D82CBFD2246DAFA600467942 /* Assets.xcassets in Resources */,
				D82CBFCD246DAFA400467942 /* Main.storyboard in Resources */,
			);
			runOnlyForDeploymentPostprocessing = 0;
		};
/* End PBXResourcesBuildPhase section */

/* Begin PBXSourcesBuildPhase section */
		D82CBFBE246DAFA400467942 /* Sources */ = {
			isa = PBXSourcesBuildPhase;
			buildActionMask = 2147483647;
			files = (
				D82CBFE4246DB97C00467942 /* AddNotesViewController.swift in Sources */,
				D82CBFCA246DAFA400467942 /* ViewController.swift in Sources */,
				D88E4AD9246DED3C00C60649 /* User+CoreDataProperties.swift in Sources */,
				D82CBFD0246DAFA400467942 /* task_21.xcdatamodeld in Sources */,
				D82CBFE0246DB6AE00467942 /* NotesViewController.swift in Sources */,
				D82CBFC6246DAFA400467942 /* AppDelegate.swift in Sources */,
				D82CBFC8246DAFA400467942 /* SceneDelegate.swift in Sources */,
				D88E4AD6246DED3C00C60649 /* Note+CoreDataClass.swift in Sources */,
				D82CBFE2246DB70100467942 /* NotesCell.swift in Sources */,
				D88E4AD8246DED3C00C60649 /* User+CoreDataClass.swift in Sources */,
				D82CBFDE246DB53D00467942 /* RegistrationViewController.swift in Sources */,
				D88E4AD7246DED3C00C60649 /* Note+CoreDataProperties.swift in Sources */,
			);
			runOnlyForDeploymentPostprocessing = 0;
		};
/* End PBXSourcesBuildPhase section */

/* Begin PBXVariantGroup section */
		D82CBFCB246DAFA400467942 /* Main.storyboard */ = {
			isa = PBXVariantGroup;
			children = (
				D82CBFCC246DAFA400467942 /* Base */,
			);
			name = Main.storyboard;
			sourceTree = "<group>";
		};
		D82CBFD3246DAFA600467942 /* LaunchScreen.storyboard */ = {
			isa = PBXVariantGroup;
			children = (
				D82CBFD4246DAFA600467942 /* Base */,
			);
			name = LaunchScreen.storyboard;
			sourceTree = "<group>";
		};
/* End PBXVariantGroup section */

/* Begin XCBuildConfiguration section */
		D82CBFD7246DAFA600467942 /* Debug */ = {
			isa = XCBuildConfiguration;
			buildSettings = {
				ALWAYS_SEARCH_USER_PATHS = NO;
				CLANG_ANALYZER_NONNULL = YES;
				CLANG_ANALYZER_NUMBER_OBJECT_CONVERSION = YES_AGGRESSIVE;
				CLANG_CXX_LANGUAGE_STANDARD = "gnu++14";
				CLANG_CXX_LIBRARY = "libc++";
				CLANG_ENABLE_MODULES = YES;
				CLANG_ENABLE_OBJC_ARC = YES;
				CLANG_ENABLE_OBJC_WEAK = YES;
				CLANG_WARN_BLOCK_CAPTURE_AUTORELEASING = YES;
				CLANG_WARN_BOOL_CONVERSION = YES;
				CLANG_WARN_COMMA = YES;
				CLANG_WARN_CONSTANT_CONVERSION = YES;
				CLANG_WARN_DEPRECATED_OBJC_IMPLEMENTATIONS = YES;
				CLANG_WARN_DIRECT_OBJC_ISA_USAGE = YES_ERROR;
				CLANG_WARN_DOCUMENTATION_COMMENTS = YES;
				CLANG_WARN_EMPTY_BODY = YES;
				CLANG_WARN_ENUM_CONVERSION = YES;
				CLANG_WARN_INFINITE_RECURSION = YES;
				CLANG_WARN_INT_CONVERSION = YES;
				CLANG_WARN_NON_LITERAL_NULL_CONVERSION = YES;
				CLANG_WARN_OBJC_IMPLICIT_RETAIN_SELF = YES;
				CLANG_WARN_OBJC_LITERAL_CONVERSION = YES;
				CLANG_WARN_OBJC_ROOT_CLASS = YES_ERROR;
				CLANG_WARN_RANGE_LOOP_ANALYSIS = YES;
				CLANG_WARN_STRICT_PROTOTYPES = YES;
				CLANG_WARN_SUSPICIOUS_MOVE = YES;
				CLANG_WARN_UNGUARDED_AVAILABILITY = YES_AGGRESSIVE;
				CLANG_WARN_UNREACHABLE_CODE = YES;
				CLANG_WARN__DUPLICATE_METHOD_MATCH = YES;
				COPY_PHASE_STRIP = NO;
				DEBUG_INFORMATION_FORMAT = dwarf;
				ENABLE_STRICT_OBJC_MSGSEND = YES;
				ENABLE_TESTABILITY = YES;
				GCC_C_LANGUAGE_STANDARD = gnu11;
				GCC_DYNAMIC_NO_PIC = NO;
				GCC_NO_COMMON_BLOCKS = YES;
				GCC_OPTIMIZATION_LEVEL = 0;
				GCC_PREPROCESSOR_DEFINITIONS = (
					"DEBUG=1",
					"$(inherited)",
				);
				GCC_WARN_64_TO_32_BIT_CONVERSION = YES;
				GCC_WARN_ABOUT_RETURN_TYPE = YES_ERROR;
				GCC_WARN_UNDECLARED_SELECTOR = YES;
				GCC_WARN_UNINITIALIZED_AUTOS = YES_AGGRESSIVE;
				GCC_WARN_UNUSED_FUNCTION = YES;
				GCC_WARN_UNUSED_VARIABLE = YES;
				IPHONEOS_DEPLOYMENT_TARGET = 13.4;
				MTL_ENABLE_DEBUG_INFO = INCLUDE_SOURCE;
				MTL_FAST_MATH = YES;
				ONLY_ACTIVE_ARCH = YES;
				SDKROOT = iphoneos;
				SWIFT_ACTIVE_COMPILATION_CONDITIONS = DEBUG;
				SWIFT_OPTIMIZATION_LEVEL = "-Onone";
			};
			name = Debug;
		};
		D82CBFD8246DAFA600467942 /* Release */ = {
			isa = XCBuildConfiguration;
			buildSettings = {
				ALWAYS_SEARCH_USER_PATHS = NO;
				CLANG_ANALYZER_NONNULL = YES;
				CLANG_ANALYZER_NUMBER_OBJECT_CONVERSION = YES_AGGRESSIVE;
				CLANG_CXX_LANGUAGE_STANDARD = "gnu++14";
				CLANG_CXX_LIBRARY = "libc++";
				CLANG_ENABLE_MODULES = YES;
				CLANG_ENABLE_OBJC_ARC = YES;
				CLANG_ENABLE_OBJC_WEAK = YES;
				CLANG_WARN_BLOCK_CAPTURE_AUTORELEASING = YES;
				CLANG_WARN_BOOL_CONVERSION = YES;
				CLANG_WARN_COMMA = YES;
				CLANG_WARN_CONSTANT_CONVERSION = YES;
				CLANG_WARN_DEPRECATED_OBJC_IMPLEMENTATIONS = YES;
				CLANG_WARN_DIRECT_OBJC_ISA_USAGE = YES_ERROR;
				CLANG_WARN_DOCUMENTATION_COMMENTS = YES;
				CLANG_WARN_EMPTY_BODY = YES;
				CLANG_WARN_ENUM_CONVERSION = YES;
				CLANG_WARN_INFINITE_RECURSION = YES;
				CLANG_WARN_INT_CONVERSION = YES;
				CLANG_WARN_NON_LITERAL_NULL_CONVERSION = YES;
				CLANG_WARN_OBJC_IMPLICIT_RETAIN_SELF = YES;
				CLANG_WARN_OBJC_LITERAL_CONVERSION = YES;
				CLANG_WARN_OBJC_ROOT_CLASS = YES_ERROR;
				CLANG_WARN_RANGE_LOOP_ANALYSIS = YES;
				CLANG_WARN_STRICT_PROTOTYPES = YES;
				CLANG_WARN_SUSPICIOUS_MOVE = YES;
				CLANG_WARN_UNGUARDED_AVAILABILITY = YES_AGGRESSIVE;
				CLANG_WARN_UNREACHABLE_CODE = YES;
				CLANG_WARN__DUPLICATE_METHOD_MATCH = YES;
				COPY_PHASE_STRIP = NO;
				DEBUG_INFORMATION_FORMAT = "dwarf-with-dsym";
				ENABLE_NS_ASSERTIONS = NO;
				ENABLE_STRICT_OBJC_MSGSEND = YES;
				GCC_C_LANGUAGE_STANDARD = gnu11;
				GCC_NO_COMMON_BLOCKS = YES;
				GCC_WARN_64_TO_32_BIT_CONVERSION = YES;
				GCC_WARN_ABOUT_RETURN_TYPE = YES_ERROR;
				GCC_WARN_UNDECLARED_SELECTOR = YES;
				GCC_WARN_UNINITIALIZED_AUTOS = YES_AGGRESSIVE;
				GCC_WARN_UNUSED_FUNCTION = YES;
				GCC_WARN_UNUSED_VARIABLE = YES;
				IPHONEOS_DEPLOYMENT_TARGET = 13.4;
				MTL_ENABLE_DEBUG_INFO = NO;
				MTL_FAST_MATH = YES;
				SDKROOT = iphoneos;
				SWIFT_COMPILATION_MODE = wholemodule;
				SWIFT_OPTIMIZATION_LEVEL = "-O";
				VALIDATE_PRODUCT = YES;
			};
			name = Release;
		};
		D82CBFDA246DAFA600467942 /* Debug */ = {
			isa = XCBuildConfiguration;
			buildSettings = {
				ASSETCATALOG_COMPILER_APPICON_NAME = AppIcon;
				CODE_SIGN_STYLE = Automatic;
				DEVELOPMENT_TEAM = BSYUGW848D;
				INFOPLIST_FILE = task_21/Info.plist;
				LD_RUNPATH_SEARCH_PATHS = (
					"$(inherited)",
					"@executable_path/Frameworks",
				);
				PRODUCT_BUNDLE_IDENTIFIER = "ge.tbcbank.task-21";
				PRODUCT_NAME = "$(TARGET_NAME)";
				SWIFT_VERSION = 5.0;
				TARGETED_DEVICE_FAMILY = "1,2";
			};
			name = Debug;
		};
		D82CBFDB246DAFA600467942 /* Release */ = {
			isa = XCBuildConfiguration;
			buildSettings = {
				ASSETCATALOG_COMPILER_APPICON_NAME = AppIcon;
				CODE_SIGN_STYLE = Automatic;
				DEVELOPMENT_TEAM = BSYUGW848D;
				INFOPLIST_FILE = task_21/Info.plist;
				LD_RUNPATH_SEARCH_PATHS = (
					"$(inherited)",
					"@executable_path/Frameworks",
				);
				PRODUCT_BUNDLE_IDENTIFIER = "ge.tbcbank.task-21";
				PRODUCT_NAME = "$(TARGET_NAME)";
				SWIFT_VERSION = 5.0;
				TARGETED_DEVICE_FAMILY = "1,2";
			};
			name = Release;
		};
/* End XCBuildConfiguration section */

/* Begin XCConfigurationList section */
		D82CBFBD246DAFA400467942 /* Build configuration list for PBXProject "task_21" */ = {
			isa = XCConfigurationList;
			buildConfigurations = (
				D82CBFD7246DAFA600467942 /* Debug */,
				D82CBFD8246DAFA600467942 /* Release */,
			);
			defaultConfigurationIsVisible = 0;
			defaultConfigurationName = Release;
		};
		D82CBFD9246DAFA600467942 /* Build configuration list for PBXNativeTarget "task_21" */ = {
			isa = XCConfigurationList;
			buildConfigurations = (
				D82CBFDA246DAFA600467942 /* Debug */,
				D82CBFDB246DAFA600467942 /* Release */,
			);
			defaultConfigurationIsVisible = 0;
			defaultConfigurationName = Release;
		};
/* End XCConfigurationList section */

/* Begin XCVersionGroup section */
		D82CBFCE246DAFA400467942 /* task_21.xcdatamodeld */ = {
			isa = XCVersionGroup;
			children = (
				D82CBFCF246DAFA400467942 /* task_21.xcdatamodel */,
			);
			currentVersion = D82CBFCF246DAFA400467942 /* task_21.xcdatamodel */;
			path = task_21.xcdatamodeld;
			sourceTree = "<group>";
			versionGroupType = wrapper.xcdatamodel;
		};
/* End XCVersionGroup section */
	};
	rootObject = D82CBFBA246DAFA400467942 /* Project object */;
}
