// !$*UTF8*$!
{
	archiveVersion = 1;
	classes = {
	};
	objectVersion = 50;
	objects = {

/* Begin PBXBuildFile section */
		D813752524740E3500747271 /* BandCell.swift in Sources */ = {isa = PBXBuildFile; fileRef = D813752324740E3500747271 /* BandCell.swift */; };
		D813752624740E3500747271 /* BandCell.xib in Resources */ = {isa = PBXBuildFile; fileRef = D813752424740E3500747271 /* BandCell.xib */; };
		D8137529247417A800747271 /* BandViewController.swift in Sources */ = {isa = PBXBuildFile; fileRef = D8137528247417A800747271 /* BandViewController.swift */; };
		D813752C24741BDC00747271 /* SongCell.swift in Sources */ = {isa = PBXBuildFile; fileRef = D813752B24741BDC00747271 /* SongCell.swift */; };
		D813752E247479B800747271 /* LyricsViewController.swift in Sources */ = {isa = PBXBuildFile; fileRef = D813752D247479B800747271 /* LyricsViewController.swift */; };
		D82A300B2473E9560065012D /* AppDelegate.swift in Sources */ = {isa = PBXBuildFile; fileRef = D82A300A2473E9560065012D /* AppDelegate.swift */; };
		D82A300D2473E9560065012D /* SceneDelegate.swift in Sources */ = {isa = PBXBuildFile; fileRef = D82A300C2473E9560065012D /* SceneDelegate.swift */; };
		D82A300F2473E9560065012D /* ViewController.swift in Sources */ = {isa = PBXBuildFile; fileRef = D82A300E2473E9560065012D /* ViewController.swift */; };
		D82A30122473E9560065012D /* Main.storyboard in Resources */ = {isa = PBXBuildFile; fileRef = D82A30102473E9560065012D /* Main.storyboard */; };
		D82A30142473E9580065012D /* Assets.xcassets in Resources */ = {isa = PBXBuildFile; fileRef = D82A30132473E9580065012D /* Assets.xcassets */; };
		D82A30172473E9580065012D /* LaunchScreen.storyboard in Resources */ = {isa = PBXBuildFile; fileRef = D82A30152473E9580065012D /* LaunchScreen.storyboard */; };
/* End PBXBuildFile section */

/* Begin PBXFileReference section */
		D813752324740E3500747271 /* BandCell.swift */ = {isa = PBXFileReference; lastKnownFileType = sourcecode.swift; path = BandCell.swift; sourceTree = "<group>"; };
		D813752424740E3500747271 /* BandCell.xib */ = {isa = PBXFileReference; lastKnownFileType = file.xib; path = BandCell.xib; sourceTree = "<group>"; };
		D8137528247417A800747271 /* BandViewController.swift */ = {isa = PBXFileReference; lastKnownFileType = sourcecode.swift; path = BandViewController.swift; sourceTree = "<group>"; };
		D813752B24741BDC00747271 /* SongCell.swift */ = {isa = PBXFileReference; lastKnownFileType = sourcecode.swift; path = SongCell.swift; sourceTree = "<group>"; };
		D813752D247479B800747271 /* LyricsViewController.swift */ = {isa = PBXFileReference; lastKnownFileType = sourcecode.swift; path = LyricsViewController.swift; sourceTree = "<group>"; };
		D82A30072473E9560065012D /* task_24.app */ = {isa = PBXFileReference; explicitFileType = wrapper.application; includeInIndex = 0; path = task_24.app; sourceTree = BUILT_PRODUCTS_DIR; };
		D82A300A2473E9560065012D /* AppDelegate.swift */ = {isa = PBXFileReference; lastKnownFileType = sourcecode.swift; path = AppDelegate.swift; sourceTree = "<group>"; };
		D82A300C2473E9560065012D /* SceneDelegate.swift */ = {isa = PBXFileReference; lastKnownFileType = sourcecode.swift; path = SceneDelegate.swift; sourceTree = "<group>"; };
		D82A300E2473E9560065012D /* ViewController.swift */ = {isa = PBXFileReference; lastKnownFileType = sourcecode.swift; path = ViewController.swift; sourceTree = "<group>"; };
		D82A30112473E9560065012D /* Base */ = {isa = PBXFileReference; lastKnownFileType = file.storyboard; name = Base; path = Base.lproj/Main.storyboard; sourceTree = "<group>"; };
		D82A30132473E9580065012D /* Assets.xcassets */ = {isa = PBXFileReference; lastKnownFileType = folder.assetcatalog; path = Assets.xcassets; sourceTree = "<group>"; };
		D82A30162473E9580065012D /* Base */ = {isa = PBXFileReference; lastKnownFileType = file.storyboard; name = Base; path = Base.lproj/LaunchScreen.storyboard; sourceTree = "<group>"; };
		D82A30182473E9580065012D /* Info.plist */ = {isa = PBXFileReference; lastKnownFileType = text.plist.xml; path = Info.plist; sourceTree = "<group>"; };
/* End PBXFileReference section */

/* Begin PBXFrameworksBuildPhase section */
		D82A30042473E9560065012D /* Frameworks */ = {
			isa = PBXFrameworksBuildPhase;
			buildActionMask = 2147483647;
			files = (
			);
			runOnlyForDeploymentPostprocessing = 0;
		};
/* End PBXFrameworksBuildPhase section */

/* Begin PBXGroup section */
		D81375272474179200747271 /* Controllers */ = {
			isa = PBXGroup;
			children = (
				D82A300E2473E9560065012D /* ViewController.swift */,
				D8137528247417A800747271 /* BandViewController.swift */,
				D813752D247479B800747271 /* LyricsViewController.swift */,
			);
			path = Controllers;
			sourceTree = "<group>";
		};
		D813752A247417AE00747271 /* Cells */ = {
			isa = PBXGroup;
			children = (
				D813752424740E3500747271 /* BandCell.xib */,
				D813752324740E3500747271 /* BandCell.swift */,
				D813752B24741BDC00747271 /* SongCell.swift */,
			);
			path = Cells;
			sourceTree = "<group>";
		};
		D82A2FFE2473E9560065012D = {
			isa = PBXGroup;
			children = (
				D82A30092473E9560065012D /* task_24 */,
				D82A30082473E9560065012D /* Products */,
			);
			sourceTree = "<group>";
		};
		D82A30082473E9560065012D /* Products */ = {
			isa = PBXGroup;
			children = (
				D82A30072473E9560065012D /* task_24.app */,
			);
			name = Products;
			sourceTree = "<group>";
		};
		D82A30092473E9560065012D /* task_24 */ = {
			isa = PBXGroup;
			children = (
				D813752A247417AE00747271 /* Cells */,
				D81375272474179200747271 /* Controllers */,
				D82A300A2473E9560065012D /* AppDelegate.swift */,
				D82A300C2473E9560065012D /* SceneDelegate.swift */,
				D82A30102473E9560065012D /* Main.storyboard */,
				D82A30132473E9580065012D /* Assets.xcassets */,
				D82A30152473E9580065012D /* LaunchScreen.storyboard */,
				D82A30182473E9580065012D /* Info.plist */,
			);
			path = task_24;
			sourceTree = "<group>";
		};
/* End PBXGroup section */

/* Begin PBXNativeTarget section */
		D82A30062473E9560065012D /* task_24 */ = {
			isa = PBXNativeTarget;
			buildConfigurationList = D82A301B2473E9580065012D /* Build configuration list for PBXNativeTarget "task_24" */;
			buildPhases = (
				D82A30032473E9560065012D /* Sources */,
				D82A30042473E9560065012D /* Frameworks */,
				D82A30052473E9560065012D /* Resources */,
			);
			buildRules = (
			);
			dependencies = (
			);
			name = task_24;
			productName = task_24;
			productReference = D82A30072473E9560065012D /* task_24.app */;
			productType = "com.apple.product-type.application";
		};
/* End PBXNativeTarget section */

/* Begin PBXProject section */
		D82A2FFF2473E9560065012D /* Project object */ = {
			isa = PBXProject;
			attributes = {
				LastSwiftUpdateCheck = 1140;
				LastUpgradeCheck = 1140;
				ORGANIZATIONNAME = TBC;
				TargetAttributes = {
					D82A30062473E9560065012D = {
						CreatedOnToolsVersion = 11.4.1;
					};
				};
			};
			buildConfigurationList = D82A30022473E9560065012D /* Build configuration list for PBXProject "task_24" */;
			compatibilityVersion = "Xcode 9.3";
			developmentRegion = en;
			hasScannedForEncodings = 0;
			knownRegions = (
				en,
				Base,
			);
			mainGroup = D82A2FFE2473E9560065012D;
			productRefGroup = D82A30082473E9560065012D /* Products */;
			projectDirPath = "";
			projectRoot = "";
			targets = (
				D82A30062473E9560065012D /* task_24 */,
			);
		};
/* End PBXProject section */

/* Begin PBXResourcesBuildPhase section */
		D82A30052473E9560065012D /* Resources */ = {
			isa = PBXResourcesBuildPhase;
			buildActionMask = 2147483647;
			files = (
				D82A30172473E9580065012D /* LaunchScreen.storyboard in Resources */,
				D82A30142473E9580065012D /* Assets.xcassets in Resources */,
				D813752624740E3500747271 /* BandCell.xib in Resources */,
				D82A30122473E9560065012D /* Main.storyboard in Resources */,
			);
			runOnlyForDeploymentPostprocessing = 0;
		};
/* End PBXResourcesBuildPhase section */

/* Begin PBXSourcesBuildPhase section */
		D82A30032473E9560065012D /* Sources */ = {
			isa = PBXSourcesBuildPhase;
			buildActionMask = 2147483647;
			files = (
				D82A300F2473E9560065012D /* ViewController.swift in Sources */,
				D8137529247417A800747271 /* BandViewController.swift in Sources */,
				D82A300B2473E9560065012D /* AppDelegate.swift in Sources */,
				D813752524740E3500747271 /* BandCell.swift in Sources */,
				D813752C24741BDC00747271 /* SongCell.swift in Sources */,
				D813752E247479B800747271 /* LyricsViewController.swift in Sources */,
				D82A300D2473E9560065012D /* SceneDelegate.swift in Sources */,
			);
			runOnlyForDeploymentPostprocessing = 0;
		};
/* End PBXSourcesBuildPhase section */

/* Begin PBXVariantGroup section */
		D82A30102473E9560065012D /* Main.storyboard */ = {
			isa = PBXVariantGroup;
			children = (
				D82A30112473E9560065012D /* Base */,
			);
			name = Main.storyboard;
			sourceTree = "<group>";
		};
		D82A30152473E9580065012D /* LaunchScreen.storyboard */ = {
			isa = PBXVariantGroup;
			children = (
				D82A30162473E9580065012D /* Base */,
			);
			name = LaunchScreen.storyboard;
			sourceTree = "<group>";
		};
/* End PBXVariantGroup section */

/* Begin XCBuildConfiguration section */
		D82A30192473E9580065012D /* Debug */ = {
			isa = XCBuildConfiguration;
			buildSettings = {
				ALWAYS_SEARCH_USER_PATHS = NO;
				CLANG_ANALYZER_NONNULL = YES;
				CLANG_ANALYZER_NUMBER_OBJECT_CONVERSION = YES_AGGRESSIVE;
				CLANG_CXX_LANGUAGE_STANDARD = "gnu++14";
				CLANG_CXX_LIBRARY = "libc++";
				CLANG_ENABLE_MODULES = YES;
				CLANG_ENABLE_OBJC_ARC = YES;
				CLANG_ENABLE_OBJC_WEAK = YES;
				CLANG_WARN_BLOCK_CAPTURE_AUTORELEASING = YES;
				CLANG_WARN_BOOL_CONVERSION = YES;
				CLANG_WARN_COMMA = YES;
				CLANG_WARN_CONSTANT_CONVERSION = YES;
				CLANG_WARN_DEPRECATED_OBJC_IMPLEMENTATIONS = YES;
				CLANG_WARN_DIRECT_OBJC_ISA_USAGE = YES_ERROR;
				CLANG_WARN_DOCUMENTATION_COMMENTS = YES;
				CLANG_WARN_EMPTY_BODY = YES;
				CLANG_WARN_ENUM_CONVERSION = YES;
				CLANG_WARN_INFINITE_RECURSION = YES;
				CLANG_WARN_INT_CONVERSION = YES;
				CLANG_WARN_NON_LITERAL_NULL_CONVERSION = YES;
				CLANG_WARN_OBJC_IMPLICIT_RETAIN_SELF = YES;
				CLANG_WARN_OBJC_LITERAL_CONVERSION = YES;
				CLANG_WARN_OBJC_ROOT_CLASS = YES_ERROR;
				CLANG_WARN_RANGE_LOOP_ANALYSIS = YES;
				CLANG_WARN_STRICT_PROTOTYPES = YES;
				CLANG_WARN_SUSPICIOUS_MOVE = YES;
				CLANG_WARN_UNGUARDED_AVAILABILITY = YES_AGGRESSIVE;
				CLANG_WARN_UNREACHABLE_CODE = YES;
				CLANG_WARN__DUPLICATE_METHOD_MATCH = YES;
				COPY_PHASE_STRIP = NO;
				DEBUG_INFORMATION_FORMAT = dwarf;
				ENABLE_STRICT_OBJC_MSGSEND = YES;
				ENABLE_TESTABILITY = YES;
				GCC_C_LANGUAGE_STANDARD = gnu11;
				GCC_DYNAMIC_NO_PIC = NO;
				GCC_NO_COMMON_BLOCKS = YES;
				GCC_OPTIMIZATION_LEVEL = 0;
				GCC_PREPROCESSOR_DEFINITIONS = (
					"DEBUG=1",
					"$(inherited)",
				);
				GCC_WARN_64_TO_32_BIT_CONVERSION = YES;
				GCC_WARN_ABOUT_RETURN_TYPE = YES_ERROR;
				GCC_WARN_UNDECLARED_SELECTOR = YES;
				GCC_WARN_UNINITIALIZED_AUTOS = YES_AGGRESSIVE;
				GCC_WARN_UNUSED_FUNCTION = YES;
				GCC_WARN_UNUSED_VARIABLE = YES;
				IPHONEOS_DEPLOYMENT_TARGET = 13.4;
				MTL_ENABLE_DEBUG_INFO = INCLUDE_SOURCE;
				MTL_FAST_MATH = YES;
				ONLY_ACTIVE_ARCH = YES;
				SDKROOT = iphoneos;
				SWIFT_ACTIVE_COMPILATION_CONDITIONS = DEBUG;
				SWIFT_OPTIMIZATION_LEVEL = "-Onone";
			};
			name = Debug;
		};
		D82A301A2473E9580065012D /* Release */ = {
			isa = XCBuildConfiguration;
			buildSettings = {
				ALWAYS_SEARCH_USER_PATHS = NO;
				CLANG_ANALYZER_NONNULL = YES;
				CLANG_ANALYZER_NUMBER_OBJECT_CONVERSION = YES_AGGRESSIVE;
				CLANG_CXX_LANGUAGE_STANDARD = "gnu++14";
				CLANG_CXX_LIBRARY = "libc++";
				CLANG_ENABLE_MODULES = YES;
				CLANG_ENABLE_OBJC_ARC = YES;
				CLANG_ENABLE_OBJC_WEAK = YES;
				CLANG_WARN_BLOCK_CAPTURE_AUTORELEASING = YES;
				CLANG_WARN_BOOL_CONVERSION = YES;
				CLANG_WARN_COMMA = YES;
				CLANG_WARN_CONSTANT_CONVERSION = YES;
				CLANG_WARN_DEPRECATED_OBJC_IMPLEMENTATIONS = YES;
				CLANG_WARN_DIRECT_OBJC_ISA_USAGE = YES_ERROR;
				CLANG_WARN_DOCUMENTATION_COMMENTS = YES;
				CLANG_WARN_EMPTY_BODY = YES;
				CLANG_WARN_ENUM_CONVERSION = YES;
				CLANG_WARN_INFINITE_RECURSION = YES;
				CLANG_WARN_INT_CONVERSION = YES;
				CLANG_WARN_NON_LITERAL_NULL_CONVERSION = YES;
				CLANG_WARN_OBJC_IMPLICIT_RETAIN_SELF = YES;
				CLANG_WARN_OBJC_LITERAL_CONVERSION = YES;
				CLANG_WARN_OBJC_ROOT_CLASS = YES_ERROR;
				CLANG_WARN_RANGE_LOOP_ANALYSIS = YES;
				CLANG_WARN_STRICT_PROTOTYPES = YES;
				CLANG_WARN_SUSPICIOUS_MOVE = YES;
				CLANG_WARN_UNGUARDED_AVAILABILITY = YES_AGGRESSIVE;
				CLANG_WARN_UNREACHABLE_CODE = YES;
				CLANG_WARN__DUPLICATE_METHOD_MATCH = YES;
				COPY_PHASE_STRIP = NO;
				DEBUG_INFORMATION_FORMAT = "dwarf-with-dsym";
				ENABLE_NS_ASSERTIONS = NO;
				ENABLE_STRICT_OBJC_MSGSEND = YES;
				GCC_C_LANGUAGE_STANDARD = gnu11;
				GCC_NO_COMMON_BLOCKS = YES;
				GCC_WARN_64_TO_32_BIT_CONVERSION = YES;
				GCC_WARN_ABOUT_RETURN_TYPE = YES_ERROR;
				GCC_WARN_UNDECLARED_SELECTOR = YES;
				GCC_WARN_UNINITIALIZED_AUTOS = YES_AGGRESSIVE;
				GCC_WARN_UNUSED_FUNCTION = YES;
				GCC_WARN_UNUSED_VARIABLE = YES;
				IPHONEOS_DEPLOYMENT_TARGET = 13.4;
				MTL_ENABLE_DEBUG_INFO = NO;
				MTL_FAST_MATH = YES;
				SDKROOT = iphoneos;
				SWIFT_COMPILATION_MODE = wholemodule;
				SWIFT_OPTIMIZATION_LEVEL = "-O";
				VALIDATE_PRODUCT = YES;
			};
			name = Release;
		};
		D82A301C2473E9580065012D /* Debug */ = {
			isa = XCBuildConfiguration;
			buildSettings = {
				ASSETCATALOG_COMPILER_APPICON_NAME = AppIcon;
				CODE_SIGN_STYLE = Automatic;
				DEVELOPMENT_TEAM = BSYUGW848D;
				INFOPLIST_FILE = task_24/Info.plist;
				LD_RUNPATH_SEARCH_PATHS = (
					"$(inherited)",
					"@executable_path/Frameworks",
				);
				PRODUCT_BUNDLE_IDENTIFIER = "ge.tbcbank.task-24";
				PRODUCT_NAME = "$(TARGET_NAME)";
				SWIFT_VERSION = 5.0;
				TARGETED_DEVICE_FAMILY = "1,2";
			};
			name = Debug;
		};
		D82A301D2473E9580065012D /* Release */ = {
			isa = XCBuildConfiguration;
			buildSettings = {
				ASSETCATALOG_COMPILER_APPICON_NAME = AppIcon;
				CODE_SIGN_STYLE = Automatic;
				DEVELOPMENT_TEAM = BSYUGW848D;
				INFOPLIST_FILE = task_24/Info.plist;
				LD_RUNPATH_SEARCH_PATHS = (
					"$(inherited)",
					"@executable_path/Frameworks",
				);
				PRODUCT_BUNDLE_IDENTIFIER = "ge.tbcbank.task-24";
				PRODUCT_NAME = "$(TARGET_NAME)";
				SWIFT_VERSION = 5.0;
				TARGETED_DEVICE_FAMILY = "1,2";
			};
			name = Release;
		};
/* End XCBuildConfiguration section */

/* Begin XCConfigurationList section */
		D82A30022473E9560065012D /* Build configuration list for PBXProject "task_24" */ = {
			isa = XCConfigurationList;
			buildConfigurations = (
				D82A30192473E9580065012D /* Debug */,
				D82A301A2473E9580065012D /* Release */,
			);
			defaultConfigurationIsVisible = 0;
			defaultConfigurationName = Release;
		};
		D82A301B2473E9580065012D /* Build configuration list for PBXNativeTarget "task_24" */ = {
			isa = XCConfigurationList;
			buildConfigurations = (
				D82A301C2473E9580065012D /* Debug */,
				D82A301D2473E9580065012D /* Release */,
			);
			defaultConfigurationIsVisible = 0;
			defaultConfigurationName = Release;
		};
/* End XCConfigurationList section */
	};
	rootObject = D82A2FFF2473E9560065012D /* Project object */;
}
