// !$*UTF8*$!
{
	archiveVersion = 1;
	classes = {
	};
	objectVersion = 50;
	objects = {

/* Begin PBXBuildFile section */
		D8E847FE2489104500DD12D0 /* AppDelegate.swift in Sources */ = {isa = PBXBuildFile; fileRef = D8E847FD2489104500DD12D0 /* AppDelegate.swift */; };
		D8E848002489104500DD12D0 /* SceneDelegate.swift in Sources */ = {isa = PBXBuildFile; fileRef = D8E847FF2489104500DD12D0 /* SceneDelegate.swift */; };
		D8E848022489104500DD12D0 /* FirstController.swift in Sources */ = {isa = PBXBuildFile; fileRef = D8E848012489104500DD12D0 /* FirstController.swift */; };
		D8E848052489104500DD12D0 /* Main.storyboard in Resources */ = {isa = PBXBuildFile; fileRef = D8E848032489104500DD12D0 /* Main.storyboard */; };
		D8E848072489104800DD12D0 /* Assets.xcassets in Resources */ = {isa = PBXBuildFile; fileRef = D8E848062489104800DD12D0 /* Assets.xcassets */; };
		D8E8480A2489104800DD12D0 /* LaunchScreen.storyboard in Resources */ = {isa = PBXBuildFile; fileRef = D8E848082489104800DD12D0 /* LaunchScreen.storyboard */; };
		D8E848122489274700DD12D0 /* SecondController.swift in Sources */ = {isa = PBXBuildFile; fileRef = D8E848112489274700DD12D0 /* SecondController.swift */; };
		D8E848152489314E00DD12D0 /* ThirdController.swift in Sources */ = {isa = PBXBuildFile; fileRef = D8E848142489314E00DD12D0 /* ThirdController.swift */; };
/* End PBXBuildFile section */

/* Begin PBXFileReference section */
		D8E847FA2489104500DD12D0 /* task 34.app */ = {isa = PBXFileReference; explicitFileType = wrapper.application; includeInIndex = 0; path = "task 34.app"; sourceTree = BUILT_PRODUCTS_DIR; };
		D8E847FD2489104500DD12D0 /* AppDelegate.swift */ = {isa = PBXFileReference; lastKnownFileType = sourcecode.swift; path = AppDelegate.swift; sourceTree = "<group>"; };
		D8E847FF2489104500DD12D0 /* SceneDelegate.swift */ = {isa = PBXFileReference; lastKnownFileType = sourcecode.swift; path = SceneDelegate.swift; sourceTree = "<group>"; };
		D8E848012489104500DD12D0 /* FirstController.swift */ = {isa = PBXFileReference; lastKnownFileType = sourcecode.swift; path = FirstController.swift; sourceTree = "<group>"; };
		D8E848042489104500DD12D0 /* Base */ = {isa = PBXFileReference; lastKnownFileType = file.storyboard; name = Base; path = Base.lproj/Main.storyboard; sourceTree = "<group>"; };
		D8E848062489104800DD12D0 /* Assets.xcassets */ = {isa = PBXFileReference; lastKnownFileType = folder.assetcatalog; path = Assets.xcassets; sourceTree = "<group>"; };
		D8E848092489104800DD12D0 /* Base */ = {isa = PBXFileReference; lastKnownFileType = file.storyboard; name = Base; path = Base.lproj/LaunchScreen.storyboard; sourceTree = "<group>"; };
		D8E8480B2489104800DD12D0 /* Info.plist */ = {isa = PBXFileReference; lastKnownFileType = text.plist.xml; path = Info.plist; sourceTree = "<group>"; };
		D8E848112489274700DD12D0 /* SecondController.swift */ = {isa = PBXFileReference; lastKnownFileType = sourcecode.swift; path = SecondController.swift; sourceTree = "<group>"; };
		D8E848142489314E00DD12D0 /* ThirdController.swift */ = {isa = PBXFileReference; lastKnownFileType = sourcecode.swift; path = ThirdController.swift; sourceTree = "<group>"; };
/* End PBXFileReference section */

/* Begin PBXFrameworksBuildPhase section */
		D8E847F72489104500DD12D0 /* Frameworks */ = {
			isa = PBXFrameworksBuildPhase;
			buildActionMask = 2147483647;
			files = (
			);
			runOnlyForDeploymentPostprocessing = 0;
		};
/* End PBXFrameworksBuildPhase section */

/* Begin PBXGroup section */
		D8E847F12489104500DD12D0 = {
			isa = PBXGroup;
			children = (
				D8E847FC2489104500DD12D0 /* task 34 */,
				D8E847FB2489104500DD12D0 /* Products */,
			);
			sourceTree = "<group>";
		};
		D8E847FB2489104500DD12D0 /* Products */ = {
			isa = PBXGroup;
			children = (
				D8E847FA2489104500DD12D0 /* task 34.app */,
			);
			name = Products;
			sourceTree = "<group>";
		};
		D8E847FC2489104500DD12D0 /* task 34 */ = {
			isa = PBXGroup;
			children = (
				D8E848132489313600DD12D0 /* controllers */,
				D8E847FD2489104500DD12D0 /* AppDelegate.swift */,
				D8E847FF2489104500DD12D0 /* SceneDelegate.swift */,
				D8E848032489104500DD12D0 /* Main.storyboard */,
				D8E848062489104800DD12D0 /* Assets.xcassets */,
				D8E848082489104800DD12D0 /* LaunchScreen.storyboard */,
				D8E8480B2489104800DD12D0 /* Info.plist */,
			);
			path = "task 34";
			sourceTree = "<group>";
		};
		D8E848132489313600DD12D0 /* controllers */ = {
			isa = PBXGroup;
			children = (
				D8E848012489104500DD12D0 /* FirstController.swift */,
				D8E848112489274700DD12D0 /* SecondController.swift */,
				D8E848142489314E00DD12D0 /* ThirdController.swift */,
			);
			path = controllers;
			sourceTree = "<group>";
		};
/* End PBXGroup section */

/* Begin PBXNativeTarget section */
		D8E847F92489104500DD12D0 /* task 34 */ = {
			isa = PBXNativeTarget;
			buildConfigurationList = D8E8480E2489104800DD12D0 /* Build configuration list for PBXNativeTarget "task 34" */;
			buildPhases = (
				D8E847F62489104500DD12D0 /* Sources */,
				D8E847F72489104500DD12D0 /* Frameworks */,
				D8E847F82489104500DD12D0 /* Resources */,
			);
			buildRules = (
			);
			dependencies = (
			);
			name = "task 34";
			productName = "task 34";
			productReference = D8E847FA2489104500DD12D0 /* task 34.app */;
			productType = "com.apple.product-type.application";
		};
/* End PBXNativeTarget section */

/* Begin PBXProject section */
		D8E847F22489104500DD12D0 /* Project object */ = {
			isa = PBXProject;
			attributes = {
				LastSwiftUpdateCheck = 1150;
				LastUpgradeCheck = 1150;
				ORGANIZATIONNAME = TBC;
				TargetAttributes = {
					D8E847F92489104500DD12D0 = {
						CreatedOnToolsVersion = 11.5;
					};
				};
			};
			buildConfigurationList = D8E847F52489104500DD12D0 /* Build configuration list for PBXProject "task 34" */;
			compatibilityVersion = "Xcode 9.3";
			developmentRegion = en;
			hasScannedForEncodings = 0;
			knownRegions = (
				en,
				Base,
			);
			mainGroup = D8E847F12489104500DD12D0;
			productRefGroup = D8E847FB2489104500DD12D0 /* Products */;
			projectDirPath = "";
			projectRoot = "";
			targets = (
				D8E847F92489104500DD12D0 /* task 34 */,
			);
		};
/* End PBXProject section */

/* Begin PBXResourcesBuildPhase section */
		D8E847F82489104500DD12D0 /* Resources */ = {
			isa = PBXResourcesBuildPhase;
			buildActionMask = 2147483647;
			files = (
				D8E8480A2489104800DD12D0 /* LaunchScreen.storyboard in Resources */,
				D8E848072489104800DD12D0 /* Assets.xcassets in Resources */,
				D8E848052489104500DD12D0 /* Main.storyboard in Resources */,
			);
			runOnlyForDeploymentPostprocessing = 0;
		};
/* End PBXResourcesBuildPhase section */

/* Begin PBXSourcesBuildPhase section */
		D8E847F62489104500DD12D0 /* Sources */ = {
			isa = PBXSourcesBuildPhase;
			buildActionMask = 2147483647;
			files = (
				D8E848022489104500DD12D0 /* FirstController.swift in Sources */,
				D8E848152489314E00DD12D0 /* ThirdController.swift in Sources */,
				D8E848122489274700DD12D0 /* SecondController.swift in Sources */,
				D8E847FE2489104500DD12D0 /* AppDelegate.swift in Sources */,
				D8E848002489104500DD12D0 /* SceneDelegate.swift in Sources */,
			);
			runOnlyForDeploymentPostprocessing = 0;
		};
/* End PBXSourcesBuildPhase section */

/* Begin PBXVariantGroup section */
		D8E848032489104500DD12D0 /* Main.storyboard */ = {
			isa = PBXVariantGroup;
			children = (
				D8E848042489104500DD12D0 /* Base */,
			);
			name = Main.storyboard;
			sourceTree = "<group>";
		};
		D8E848082489104800DD12D0 /* LaunchScreen.storyboard */ = {
			isa = PBXVariantGroup;
			children = (
				D8E848092489104800DD12D0 /* Base */,
			);
			name = LaunchScreen.storyboard;
			sourceTree = "<group>";
		};
/* End PBXVariantGroup section */

/* Begin XCBuildConfiguration section */
		D8E8480C2489104800DD12D0 /* Debug */ = {
			isa = XCBuildConfiguration;
			buildSettings = {
				ALWAYS_SEARCH_USER_PATHS = NO;
				CLANG_ANALYZER_NONNULL = YES;
				CLANG_ANALYZER_NUMBER_OBJECT_CONVERSION = YES_AGGRESSIVE;
				CLANG_CXX_LANGUAGE_STANDARD = "gnu++14";
				CLANG_CXX_LIBRARY = "libc++";
				CLANG_ENABLE_MODULES = YES;
				CLANG_ENABLE_OBJC_ARC = YES;
				CLANG_ENABLE_OBJC_WEAK = YES;
				CLANG_WARN_BLOCK_CAPTURE_AUTORELEASING = YES;
				CLANG_WARN_BOOL_CONVERSION = YES;
				CLANG_WARN_COMMA = YES;
				CLANG_WARN_CONSTANT_CONVERSION = YES;
				CLANG_WARN_DEPRECATED_OBJC_IMPLEMENTATIONS = YES;
				CLANG_WARN_DIRECT_OBJC_ISA_USAGE = YES_ERROR;
				CLANG_WARN_DOCUMENTATION_COMMENTS = YES;
				CLANG_WARN_EMPTY_BODY = YES;
				CLANG_WARN_ENUM_CONVERSION = YES;
				CLANG_WARN_INFINITE_RECURSION = YES;
				CLANG_WARN_INT_CONVERSION = YES;
				CLANG_WARN_NON_LITERAL_NULL_CONVERSION = YES;
				CLANG_WARN_OBJC_IMPLICIT_RETAIN_SELF = YES;
				CLANG_WARN_OBJC_LITERAL_CONVERSION = YES;
				CLANG_WARN_OBJC_ROOT_CLASS = YES_ERROR;
				CLANG_WARN_RANGE_LOOP_ANALYSIS = YES;
				CLANG_WARN_STRICT_PROTOTYPES = YES;
				CLANG_WARN_SUSPICIOUS_MOVE = YES;
				CLANG_WARN_UNGUARDED_AVAILABILITY = YES_AGGRESSIVE;
				CLANG_WARN_UNREACHABLE_CODE = YES;
				CLANG_WARN__DUPLICATE_METHOD_MATCH = YES;
				COPY_PHASE_STRIP = NO;
				DEBUG_INFORMATION_FORMAT = dwarf;
				ENABLE_STRICT_OBJC_MSGSEND = YES;
				ENABLE_TESTABILITY = YES;
				GCC_C_LANGUAGE_STANDARD = gnu11;
				GCC_DYNAMIC_NO_PIC = NO;
				GCC_NO_COMMON_BLOCKS = YES;
				GCC_OPTIMIZATION_LEVEL = 0;
				GCC_PREPROCESSOR_DEFINITIONS = (
					"DEBUG=1",
					"$(inherited)",
				);
				GCC_WARN_64_TO_32_BIT_CONVERSION = YES;
				GCC_WARN_ABOUT_RETURN_TYPE = YES_ERROR;
				GCC_WARN_UNDECLARED_SELECTOR = YES;
				GCC_WARN_UNINITIALIZED_AUTOS = YES_AGGRESSIVE;
				GCC_WARN_UNUSED_FUNCTION = YES;
				GCC_WARN_UNUSED_VARIABLE = YES;
				IPHONEOS_DEPLOYMENT_TARGET = 13.5;
				MTL_ENABLE_DEBUG_INFO = INCLUDE_SOURCE;
				MTL_FAST_MATH = YES;
				ONLY_ACTIVE_ARCH = YES;
				SDKROOT = iphoneos;
				SWIFT_ACTIVE_COMPILATION_CONDITIONS = DEBUG;
				SWIFT_OPTIMIZATION_LEVEL = "-Onone";
			};
			name = Debug;
		};
		D8E8480D2489104800DD12D0 /* Release */ = {
			isa = XCBuildConfiguration;
			buildSettings = {
				ALWAYS_SEARCH_USER_PATHS = NO;
				CLANG_ANALYZER_NONNULL = YES;
				CLANG_ANALYZER_NUMBER_OBJECT_CONVERSION = YES_AGGRESSIVE;
				CLANG_CXX_LANGUAGE_STANDARD = "gnu++14";
				CLANG_CXX_LIBRARY = "libc++";
				CLANG_ENABLE_MODULES = YES;
				CLANG_ENABLE_OBJC_ARC = YES;
				CLANG_ENABLE_OBJC_WEAK = YES;
				CLANG_WARN_BLOCK_CAPTURE_AUTORELEASING = YES;
				CLANG_WARN_BOOL_CONVERSION = YES;
				CLANG_WARN_COMMA = YES;
				CLANG_WARN_CONSTANT_CONVERSION = YES;
				CLANG_WARN_DEPRECATED_OBJC_IMPLEMENTATIONS = YES;
				CLANG_WARN_DIRECT_OBJC_ISA_USAGE = YES_ERROR;
				CLANG_WARN_DOCUMENTATION_COMMENTS = YES;
				CLANG_WARN_EMPTY_BODY = YES;
				CLANG_WARN_ENUM_CONVERSION = YES;
				CLANG_WARN_INFINITE_RECURSION = YES;
				CLANG_WARN_INT_CONVERSION = YES;
				CLANG_WARN_NON_LITERAL_NULL_CONVERSION = YES;
				CLANG_WARN_OBJC_IMPLICIT_RETAIN_SELF = YES;
				CLANG_WARN_OBJC_LITERAL_CONVERSION = YES;
				CLANG_WARN_OBJC_ROOT_CLASS = YES_ERROR;
				CLANG_WARN_RANGE_LOOP_ANALYSIS = YES;
				CLANG_WARN_STRICT_PROTOTYPES = YES;
				CLANG_WARN_SUSPICIOUS_MOVE = YES;
				CLANG_WARN_UNGUARDED_AVAILABILITY = YES_AGGRESSIVE;
				CLANG_WARN_UNREACHABLE_CODE = YES;
				CLANG_WARN__DUPLICATE_METHOD_MATCH = YES;
				COPY_PHASE_STRIP = NO;
				DEBUG_INFORMATION_FORMAT = "dwarf-with-dsym";
				ENABLE_NS_ASSERTIONS = NO;
				ENABLE_STRICT_OBJC_MSGSEND = YES;
				GCC_C_LANGUAGE_STANDARD = gnu11;
				GCC_NO_COMMON_BLOCKS = YES;
				GCC_WARN_64_TO_32_BIT_CONVERSION = YES;
				GCC_WARN_ABOUT_RETURN_TYPE = YES_ERROR;
				GCC_WARN_UNDECLARED_SELECTOR = YES;
				GCC_WARN_UNINITIALIZED_AUTOS = YES_AGGRESSIVE;
				GCC_WARN_UNUSED_FUNCTION = YES;
				GCC_WARN_UNUSED_VARIABLE = YES;
				IPHONEOS_DEPLOYMENT_TARGET = 13.5;
				MTL_ENABLE_DEBUG_INFO = NO;
				MTL_FAST_MATH = YES;
				SDKROOT = iphoneos;
				SWIFT_COMPILATION_MODE = wholemodule;
				SWIFT_OPTIMIZATION_LEVEL = "-O";
				VALIDATE_PRODUCT = YES;
			};
			name = Release;
		};
		D8E8480F2489104800DD12D0 /* Debug */ = {
			isa = XCBuildConfiguration;
			buildSettings = {
				ASSETCATALOG_COMPILER_APPICON_NAME = AppIcon;
				CODE_SIGN_STYLE = Automatic;
				DEVELOPMENT_TEAM = BSYUGW848D;
				INFOPLIST_FILE = "task 34/Info.plist";
				LD_RUNPATH_SEARCH_PATHS = (
					"$(inherited)",
					"@executable_path/Frameworks",
				);
				PRODUCT_BUNDLE_IDENTIFIER = "ge.tbcbank.task-34";
				PRODUCT_NAME = "$(TARGET_NAME)";
				SWIFT_VERSION = 5.0;
				TARGETED_DEVICE_FAMILY = "1,2";
			};
			name = Debug;
		};
		D8E848102489104800DD12D0 /* Release */ = {
			isa = XCBuildConfiguration;
			buildSettings = {
				ASSETCATALOG_COMPILER_APPICON_NAME = AppIcon;
				CODE_SIGN_STYLE = Automatic;
				DEVELOPMENT_TEAM = BSYUGW848D;
				INFOPLIST_FILE = "task 34/Info.plist";
				LD_RUNPATH_SEARCH_PATHS = (
					"$(inherited)",
					"@executable_path/Frameworks",
				);
				PRODUCT_BUNDLE_IDENTIFIER = "ge.tbcbank.task-34";
				PRODUCT_NAME = "$(TARGET_NAME)";
				SWIFT_VERSION = 5.0;
				TARGETED_DEVICE_FAMILY = "1,2";
			};
			name = Release;
		};
/* End XCBuildConfiguration section */

/* Begin XCConfigurationList section */
		D8E847F52489104500DD12D0 /* Build configuration list for PBXProject "task 34" */ = {
			isa = XCConfigurationList;
			buildConfigurations = (
				D8E8480C2489104800DD12D0 /* Debug */,
				D8E8480D2489104800DD12D0 /* Release */,
			);
			defaultConfigurationIsVisible = 0;
			defaultConfigurationName = Release;
		};
		D8E8480E2489104800DD12D0 /* Build configuration list for PBXNativeTarget "task 34" */ = {
			isa = XCConfigurationList;
			buildConfigurations = (
				D8E8480F2489104800DD12D0 /* Debug */,
				D8E848102489104800DD12D0 /* Release */,
			);
			defaultConfigurationIsVisible = 0;
			defaultConfigurationName = Release;
		};
/* End XCConfigurationList section */
	};
	rootObject = D8E847F22489104500DD12D0 /* Project object */;
}
