// !$*UTF8*$!
{
	archiveVersion = 1;
	classes = {
	};
	objectVersion = 50;
	objects = {

/* Begin PBXBuildFile section */
		8AE432ED6E4592B40F207552 /* Pods_task_54.framework in Frameworks */ = {isa = PBXBuildFile; fileRef = 0CFD356A68B107116CD6F796 /* Pods_task_54.framework */; };
		D8B70D9A24B0BE0200518DFF /* UltravisualLayout.swift in Sources */ = {isa = PBXBuildFile; fileRef = D8B70D9924B0BE0200518DFF /* UltravisualLayout.swift */; };
		D8C219F624AF6ED7008B614B /* AppDelegate.swift in Sources */ = {isa = PBXBuildFile; fileRef = D8C219F524AF6ED7008B614B /* AppDelegate.swift */; };
		D8C219F824AF6ED7008B614B /* SceneDelegate.swift in Sources */ = {isa = PBXBuildFile; fileRef = D8C219F724AF6ED7008B614B /* SceneDelegate.swift */; };
		D8C219FA24AF6ED7008B614B /* ViewController.swift in Sources */ = {isa = PBXBuildFile; fileRef = D8C219F924AF6ED7008B614B /* ViewController.swift */; };
		D8C219FD24AF6ED7008B614B /* Main.storyboard in Resources */ = {isa = PBXBuildFile; fileRef = D8C219FB24AF6ED7008B614B /* Main.storyboard */; };
		D8C219FF24AF6ED9008B614B /* Assets.xcassets in Resources */ = {isa = PBXBuildFile; fileRef = D8C219FE24AF6ED9008B614B /* Assets.xcassets */; };
		D8C21A0224AF6ED9008B614B /* LaunchScreen.storyboard in Resources */ = {isa = PBXBuildFile; fileRef = D8C21A0024AF6ED9008B614B /* LaunchScreen.storyboard */; };
		D8C21A0A24AF6FE9008B614B /* CollectionViewCell.swift in Sources */ = {isa = PBXBuildFile; fileRef = D8C21A0924AF6FE9008B614B /* CollectionViewCell.swift */; };
		D8C21A0C24AF701D008B614B /* APIService.swift in Sources */ = {isa = PBXBuildFile; fileRef = D8C21A0B24AF701D008B614B /* APIService.swift */; };
		D8C21A0E24AF703F008B614B /* Character.swift in Sources */ = {isa = PBXBuildFile; fileRef = D8C21A0D24AF703F008B614B /* Character.swift */; };
		D8C21A1524AF719A008B614B /* String+Extension.swift in Sources */ = {isa = PBXBuildFile; fileRef = D8C21A1424AF719A008B614B /* String+Extension.swift */; };
/* End PBXBuildFile section */

/* Begin PBXFileReference section */
		05E501B86B600E3C95CEBA80 /* Pods-task 54.release.xcconfig */ = {isa = PBXFileReference; includeInIndex = 1; lastKnownFileType = text.xcconfig; name = "Pods-task 54.release.xcconfig"; path = "Target Support Files/Pods-task 54/Pods-task 54.release.xcconfig"; sourceTree = "<group>"; };
		0CFD356A68B107116CD6F796 /* Pods_task_54.framework */ = {isa = PBXFileReference; explicitFileType = wrapper.framework; includeInIndex = 0; path = Pods_task_54.framework; sourceTree = BUILT_PRODUCTS_DIR; };
		BD0FCD7CC6C16968F63E48B1 /* Pods-task 54.debug.xcconfig */ = {isa = PBXFileReference; includeInIndex = 1; lastKnownFileType = text.xcconfig; name = "Pods-task 54.debug.xcconfig"; path = "Target Support Files/Pods-task 54/Pods-task 54.debug.xcconfig"; sourceTree = "<group>"; };
		D8B70D9924B0BE0200518DFF /* UltravisualLayout.swift */ = {isa = PBXFileReference; lastKnownFileType = sourcecode.swift; path = UltravisualLayout.swift; sourceTree = "<group>"; };
		D8C219F224AF6ED7008B614B /* task 54.app */ = {isa = PBXFileReference; explicitFileType = wrapper.application; includeInIndex = 0; path = "task 54.app"; sourceTree = BUILT_PRODUCTS_DIR; };
		D8C219F524AF6ED7008B614B /* AppDelegate.swift */ = {isa = PBXFileReference; lastKnownFileType = sourcecode.swift; path = AppDelegate.swift; sourceTree = "<group>"; };
		D8C219F724AF6ED7008B614B /* SceneDelegate.swift */ = {isa = PBXFileReference; lastKnownFileType = sourcecode.swift; path = SceneDelegate.swift; sourceTree = "<group>"; };
		D8C219F924AF6ED7008B614B /* ViewController.swift */ = {isa = PBXFileReference; lastKnownFileType = sourcecode.swift; path = ViewController.swift; sourceTree = "<group>"; };
		D8C219FC24AF6ED7008B614B /* Base */ = {isa = PBXFileReference; lastKnownFileType = file.storyboard; name = Base; path = Base.lproj/Main.storyboard; sourceTree = "<group>"; };
		D8C219FE24AF6ED9008B614B /* Assets.xcassets */ = {isa = PBXFileReference; lastKnownFileType = folder.assetcatalog; path = Assets.xcassets; sourceTree = "<group>"; };
		D8C21A0124AF6ED9008B614B /* Base */ = {isa = PBXFileReference; lastKnownFileType = file.storyboard; name = Base; path = Base.lproj/LaunchScreen.storyboard; sourceTree = "<group>"; };
		D8C21A0324AF6ED9008B614B /* Info.plist */ = {isa = PBXFileReference; lastKnownFileType = text.plist.xml; path = Info.plist; sourceTree = "<group>"; };
		D8C21A0924AF6FE9008B614B /* CollectionViewCell.swift */ = {isa = PBXFileReference; lastKnownFileType = sourcecode.swift; path = CollectionViewCell.swift; sourceTree = "<group>"; };
		D8C21A0B24AF701D008B614B /* APIService.swift */ = {isa = PBXFileReference; lastKnownFileType = sourcecode.swift; path = APIService.swift; sourceTree = "<group>"; };
		D8C21A0D24AF703F008B614B /* Character.swift */ = {isa = PBXFileReference; lastKnownFileType = sourcecode.swift; path = Character.swift; sourceTree = "<group>"; };
		D8C21A1424AF719A008B614B /* String+Extension.swift */ = {isa = PBXFileReference; lastKnownFileType = sourcecode.swift; path = "String+Extension.swift"; sourceTree = "<group>"; };
/* End PBXFileReference section */

/* Begin PBXFrameworksBuildPhase section */
		D8C219EF24AF6ED7008B614B /* Frameworks */ = {
			isa = PBXFrameworksBuildPhase;
			buildActionMask = 2147483647;
			files = (
				8AE432ED6E4592B40F207552 /* Pods_task_54.framework in Frameworks */,
			);
			runOnlyForDeploymentPostprocessing = 0;
		};
/* End PBXFrameworksBuildPhase section */

/* Begin PBXGroup section */
		9225F4BE30B09BDA5A1D6609 /* Pods */ = {
			isa = PBXGroup;
			children = (
				BD0FCD7CC6C16968F63E48B1 /* Pods-task 54.debug.xcconfig */,
				05E501B86B600E3C95CEBA80 /* Pods-task 54.release.xcconfig */,
			);
			name = Pods;
			path = Pods;
			sourceTree = "<group>";
		};
		D8B70D9824B0BDD600518DFF /* Layouts */ = {
			isa = PBXGroup;
			children = (
				D8B70D9924B0BE0200518DFF /* UltravisualLayout.swift */,
			);
			path = Layouts;
			sourceTree = "<group>";
		};
		D8C219E924AF6ED6008B614B = {
			isa = PBXGroup;
			children = (
				D8C219F424AF6ED7008B614B /* task 54 */,
				D8C219F324AF6ED7008B614B /* Products */,
				9225F4BE30B09BDA5A1D6609 /* Pods */,
				F80449AD5457744730AD1B6B /* Frameworks */,
			);
			sourceTree = "<group>";
		};
		D8C219F324AF6ED7008B614B /* Products */ = {
			isa = PBXGroup;
			children = (
				D8C219F224AF6ED7008B614B /* task 54.app */,
			);
			name = Products;
			sourceTree = "<group>";
		};
		D8C219F424AF6ED7008B614B /* task 54 */ = {
			isa = PBXGroup;
			children = (
				D8B70D9824B0BDD600518DFF /* Layouts */,
				D8C21A1324AF7176008B614B /* Extensions */,
				D8C21A1224AF713B008B614B /* Controllers */,
				D8C21A1124AF7135008B614B /* Cells */,
				D8C21A1024AF712E008B614B /* Services */,
				D8C21A0F24AF7125008B614B /* Models */,
				D8C219F524AF6ED7008B614B /* AppDelegate.swift */,
				D8C219F724AF6ED7008B614B /* SceneDelegate.swift */,
				D8C219FB24AF6ED7008B614B /* Main.storyboard */,
				D8C219FE24AF6ED9008B614B /* Assets.xcassets */,
				D8C21A0024AF6ED9008B614B /* LaunchScreen.storyboard */,
				D8C21A0324AF6ED9008B614B /* Info.plist */,
			);
			path = "task 54";
			sourceTree = "<group>";
		};
		D8C21A0F24AF7125008B614B /* Models */ = {
			isa = PBXGroup;
			children = (
				D8C21A0D24AF703F008B614B /* Character.swift */,
			);
			path = Models;
			sourceTree = "<group>";
		};
		D8C21A1024AF712E008B614B /* Services */ = {
			isa = PBXGroup;
			children = (
				D8C21A0B24AF701D008B614B /* APIService.swift */,
			);
			path = Services;
			sourceTree = "<group>";
		};
		D8C21A1124AF7135008B614B /* Cells */ = {
			isa = PBXGroup;
			children = (
				D8C21A0924AF6FE9008B614B /* CollectionViewCell.swift */,
			);
			path = Cells;
			sourceTree = "<group>";
		};
		D8C21A1224AF713B008B614B /* Controllers */ = {
			isa = PBXGroup;
			children = (
				D8C219F924AF6ED7008B614B /* ViewController.swift */,
			);
			path = Controllers;
			sourceTree = "<group>";
		};
		D8C21A1324AF7176008B614B /* Extensions */ = {
			isa = PBXGroup;
			children = (
				D8C21A1424AF719A008B614B /* String+Extension.swift */,
			);
			path = Extensions;
			sourceTree = "<group>";
		};
		F80449AD5457744730AD1B6B /* Frameworks */ = {
			isa = PBXGroup;
			children = (
				0CFD356A68B107116CD6F796 /* Pods_task_54.framework */,
			);
			name = Frameworks;
			sourceTree = "<group>";
		};
/* End PBXGroup section */

/* Begin PBXNativeTarget section */
		D8C219F124AF6ED7008B614B /* task 54 */ = {
			isa = PBXNativeTarget;
			buildConfigurationList = D8C21A0624AF6ED9008B614B /* Build configuration list for PBXNativeTarget "task 54" */;
			buildPhases = (
				A0F33799C6D79DA8B4620C34 /* [CP] Check Pods Manifest.lock */,
				D8C219EE24AF6ED7008B614B /* Sources */,
				D8C219EF24AF6ED7008B614B /* Frameworks */,
				D8C219F024AF6ED7008B614B /* Resources */,
				4B1BECAAC93B89442CBDBC10 /* [CP] Embed Pods Frameworks */,
			);
			buildRules = (
			);
			dependencies = (
			);
			name = "task 54";
			productName = "task 54";
			productReference = D8C219F224AF6ED7008B614B /* task 54.app */;
			productType = "com.apple.product-type.application";
		};
/* End PBXNativeTarget section */

/* Begin PBXProject section */
		D8C219EA24AF6ED6008B614B /* Project object */ = {
			isa = PBXProject;
			attributes = {
				LastSwiftUpdateCheck = 1150;
				LastUpgradeCheck = 1150;
				ORGANIZATIONNAME = TBC;
				TargetAttributes = {
					D8C219F124AF6ED7008B614B = {
						CreatedOnToolsVersion = 11.5;
					};
				};
			};
			buildConfigurationList = D8C219ED24AF6ED6008B614B /* Build configuration list for PBXProject "task 54" */;
			compatibilityVersion = "Xcode 9.3";
			developmentRegion = en;
			hasScannedForEncodings = 0;
			knownRegions = (
				en,
				Base,
			);
			mainGroup = D8C219E924AF6ED6008B614B;
			productRefGroup = D8C219F324AF6ED7008B614B /* Products */;
			projectDirPath = "";
			projectRoot = "";
			targets = (
				D8C219F124AF6ED7008B614B /* task 54 */,
			);
		};
/* End PBXProject section */

/* Begin PBXResourcesBuildPhase section */
		D8C219F024AF6ED7008B614B /* Resources */ = {
			isa = PBXResourcesBuildPhase;
			buildActionMask = 2147483647;
			files = (
				D8C21A0224AF6ED9008B614B /* LaunchScreen.storyboard in Resources */,
				D8C219FF24AF6ED9008B614B /* Assets.xcassets in Resources */,
				D8C219FD24AF6ED7008B614B /* Main.storyboard in Resources */,
			);
			runOnlyForDeploymentPostprocessing = 0;
		};
/* End PBXResourcesBuildPhase section */

/* Begin PBXShellScriptBuildPhase section */
		4B1BECAAC93B89442CBDBC10 /* [CP] Embed Pods Frameworks */ = {
			isa = PBXShellScriptBuildPhase;
			buildActionMask = 2147483647;
			files = (
			);
			inputFileListPaths = (
				"${PODS_ROOT}/Target Support Files/Pods-task 54/Pods-task 54-frameworks-${CONFIGURATION}-input-files.xcfilelist",
			);
			name = "[CP] Embed Pods Frameworks";
			outputFileListPaths = (
				"${PODS_ROOT}/Target Support Files/Pods-task 54/Pods-task 54-frameworks-${CONFIGURATION}-output-files.xcfilelist",
			);
			runOnlyForDeploymentPostprocessing = 0;
			shellPath = /bin/sh;
			shellScript = "\"${PODS_ROOT}/Target Support Files/Pods-task 54/Pods-task 54-frameworks.sh\"\n";
			showEnvVarsInLog = 0;
		};
		A0F33799C6D79DA8B4620C34 /* [CP] Check Pods Manifest.lock */ = {
			isa = PBXShellScriptBuildPhase;
			buildActionMask = 2147483647;
			files = (
			);
			inputFileListPaths = (
			);
			inputPaths = (
				"${PODS_PODFILE_DIR_PATH}/Podfile.lock",
				"${PODS_ROOT}/Manifest.lock",
			);
			name = "[CP] Check Pods Manifest.lock";
			outputFileListPaths = (
			);
			outputPaths = (
				"$(DERIVED_FILE_DIR)/Pods-task 54-checkManifestLockResult.txt",
			);
			runOnlyForDeploymentPostprocessing = 0;
			shellPath = /bin/sh;
			shellScript = "diff \"${PODS_PODFILE_DIR_PATH}/Podfile.lock\" \"${PODS_ROOT}/Manifest.lock\" > /dev/null\nif [ $? != 0 ] ; then\n    # print error to STDERR\n    echo \"error: The sandbox is not in sync with the Podfile.lock. Run 'pod install' or update your CocoaPods installation.\" >&2\n    exit 1\nfi\n# This output is used by Xcode 'outputs' to avoid re-running this script phase.\necho \"SUCCESS\" > \"${SCRIPT_OUTPUT_FILE_0}\"\n";
			showEnvVarsInLog = 0;
		};
/* End PBXShellScriptBuildPhase section */

/* Begin PBXSourcesBuildPhase section */
		D8C219EE24AF6ED7008B614B /* Sources */ = {
			isa = PBXSourcesBuildPhase;
			buildActionMask = 2147483647;
			files = (
				D8C219FA24AF6ED7008B614B /* ViewController.swift in Sources */,
				D8C21A1524AF719A008B614B /* String+Extension.swift in Sources */,
				D8C21A0C24AF701D008B614B /* APIService.swift in Sources */,
				D8C219F624AF6ED7008B614B /* AppDelegate.swift in Sources */,
				D8B70D9A24B0BE0200518DFF /* UltravisualLayout.swift in Sources */,
				D8C21A0E24AF703F008B614B /* Character.swift in Sources */,
				D8C21A0A24AF6FE9008B614B /* CollectionViewCell.swift in Sources */,
				D8C219F824AF6ED7008B614B /* SceneDelegate.swift in Sources */,
			);
			runOnlyForDeploymentPostprocessing = 0;
		};
/* End PBXSourcesBuildPhase section */

/* Begin PBXVariantGroup section */
		D8C219FB24AF6ED7008B614B /* Main.storyboard */ = {
			isa = PBXVariantGroup;
			children = (
				D8C219FC24AF6ED7008B614B /* Base */,
			);
			name = Main.storyboard;
			sourceTree = "<group>";
		};
		D8C21A0024AF6ED9008B614B /* LaunchScreen.storyboard */ = {
			isa = PBXVariantGroup;
			children = (
				D8C21A0124AF6ED9008B614B /* Base */,
			);
			name = LaunchScreen.storyboard;
			sourceTree = "<group>";
		};
/* End PBXVariantGroup section */

/* Begin XCBuildConfiguration section */
		D8C21A0424AF6ED9008B614B /* Debug */ = {
			isa = XCBuildConfiguration;
			buildSettings = {
				ALWAYS_SEARCH_USER_PATHS = NO;
				CLANG_ANALYZER_NONNULL = YES;
				CLANG_ANALYZER_NUMBER_OBJECT_CONVERSION = YES_AGGRESSIVE;
				CLANG_CXX_LANGUAGE_STANDARD = "gnu++14";
				CLANG_CXX_LIBRARY = "libc++";
				CLANG_ENABLE_MODULES = YES;
				CLANG_ENABLE_OBJC_ARC = YES;
				CLANG_ENABLE_OBJC_WEAK = YES;
				CLANG_WARN_BLOCK_CAPTURE_AUTORELEASING = YES;
				CLANG_WARN_BOOL_CONVERSION = YES;
				CLANG_WARN_COMMA = YES;
				CLANG_WARN_CONSTANT_CONVERSION = YES;
				CLANG_WARN_DEPRECATED_OBJC_IMPLEMENTATIONS = YES;
				CLANG_WARN_DIRECT_OBJC_ISA_USAGE = YES_ERROR;
				CLANG_WARN_DOCUMENTATION_COMMENTS = YES;
				CLANG_WARN_EMPTY_BODY = YES;
				CLANG_WARN_ENUM_CONVERSION = YES;
				CLANG_WARN_INFINITE_RECURSION = YES;
				CLANG_WARN_INT_CONVERSION = YES;
				CLANG_WARN_NON_LITERAL_NULL_CONVERSION = YES;
				CLANG_WARN_OBJC_IMPLICIT_RETAIN_SELF = YES;
				CLANG_WARN_OBJC_LITERAL_CONVERSION = YES;
				CLANG_WARN_OBJC_ROOT_CLASS = YES_ERROR;
				CLANG_WARN_RANGE_LOOP_ANALYSIS = YES;
				CLANG_WARN_STRICT_PROTOTYPES = YES;
				CLANG_WARN_SUSPICIOUS_MOVE = YES;
				CLANG_WARN_UNGUARDED_AVAILABILITY = YES_AGGRESSIVE;
				CLANG_WARN_UNREACHABLE_CODE = YES;
				CLANG_WARN__DUPLICATE_METHOD_MATCH = YES;
				COPY_PHASE_STRIP = NO;
				DEBUG_INFORMATION_FORMAT = dwarf;
				ENABLE_STRICT_OBJC_MSGSEND = YES;
				ENABLE_TESTABILITY = YES;
				GCC_C_LANGUAGE_STANDARD = gnu11;
				GCC_DYNAMIC_NO_PIC = NO;
				GCC_NO_COMMON_BLOCKS = YES;
				GCC_OPTIMIZATION_LEVEL = 0;
				GCC_PREPROCESSOR_DEFINITIONS = (
					"DEBUG=1",
					"$(inherited)",
				);
				GCC_WARN_64_TO_32_BIT_CONVERSION = YES;
				GCC_WARN_ABOUT_RETURN_TYPE = YES_ERROR;
				GCC_WARN_UNDECLARED_SELECTOR = YES;
				GCC_WARN_UNINITIALIZED_AUTOS = YES_AGGRESSIVE;
				GCC_WARN_UNUSED_FUNCTION = YES;
				GCC_WARN_UNUSED_VARIABLE = YES;
				IPHONEOS_DEPLOYMENT_TARGET = 13.5;
				MTL_ENABLE_DEBUG_INFO = INCLUDE_SOURCE;
				MTL_FAST_MATH = YES;
				ONLY_ACTIVE_ARCH = YES;
				SDKROOT = iphoneos;
				SWIFT_ACTIVE_COMPILATION_CONDITIONS = DEBUG;
				SWIFT_OPTIMIZATION_LEVEL = "-Onone";
			};
			name = Debug;
		};
		D8C21A0524AF6ED9008B614B /* Release */ = {
			isa = XCBuildConfiguration;
			buildSettings = {
				ALWAYS_SEARCH_USER_PATHS = NO;
				CLANG_ANALYZER_NONNULL = YES;
				CLANG_ANALYZER_NUMBER_OBJECT_CONVERSION = YES_AGGRESSIVE;
				CLANG_CXX_LANGUAGE_STANDARD = "gnu++14";
				CLANG_CXX_LIBRARY = "libc++";
				CLANG_ENABLE_MODULES = YES;
				CLANG_ENABLE_OBJC_ARC = YES;
				CLANG_ENABLE_OBJC_WEAK = YES;
				CLANG_WARN_BLOCK_CAPTURE_AUTORELEASING = YES;
				CLANG_WARN_BOOL_CONVERSION = YES;
				CLANG_WARN_COMMA = YES;
				CLANG_WARN_CONSTANT_CONVERSION = YES;
				CLANG_WARN_DEPRECATED_OBJC_IMPLEMENTATIONS = YES;
				CLANG_WARN_DIRECT_OBJC_ISA_USAGE = YES_ERROR;
				CLANG_WARN_DOCUMENTATION_COMMENTS = YES;
				CLANG_WARN_EMPTY_BODY = YES;
				CLANG_WARN_ENUM_CONVERSION = YES;
				CLANG_WARN_INFINITE_RECURSION = YES;
				CLANG_WARN_INT_CONVERSION = YES;
				CLANG_WARN_NON_LITERAL_NULL_CONVERSION = YES;
				CLANG_WARN_OBJC_IMPLICIT_RETAIN_SELF = YES;
				CLANG_WARN_OBJC_LITERAL_CONVERSION = YES;
				CLANG_WARN_OBJC_ROOT_CLASS = YES_ERROR;
				CLANG_WARN_RANGE_LOOP_ANALYSIS = YES;
				CLANG_WARN_STRICT_PROTOTYPES = YES;
				CLANG_WARN_SUSPICIOUS_MOVE = YES;
				CLANG_WARN_UNGUARDED_AVAILABILITY = YES_AGGRESSIVE;
				CLANG_WARN_UNREACHABLE_CODE = YES;
				CLANG_WARN__DUPLICATE_METHOD_MATCH = YES;
				COPY_PHASE_STRIP = NO;
				DEBUG_INFORMATION_FORMAT = "dwarf-with-dsym";
				ENABLE_NS_ASSERTIONS = NO;
				ENABLE_STRICT_OBJC_MSGSEND = YES;
				GCC_C_LANGUAGE_STANDARD = gnu11;
				GCC_NO_COMMON_BLOCKS = YES;
				GCC_WARN_64_TO_32_BIT_CONVERSION = YES;
				GCC_WARN_ABOUT_RETURN_TYPE = YES_ERROR;
				GCC_WARN_UNDECLARED_SELECTOR = YES;
				GCC_WARN_UNINITIALIZED_AUTOS = YES_AGGRESSIVE;
				GCC_WARN_UNUSED_FUNCTION = YES;
				GCC_WARN_UNUSED_VARIABLE = YES;
				IPHONEOS_DEPLOYMENT_TARGET = 13.5;
				MTL_ENABLE_DEBUG_INFO = NO;
				MTL_FAST_MATH = YES;
				SDKROOT = iphoneos;
				SWIFT_COMPILATION_MODE = wholemodule;
				SWIFT_OPTIMIZATION_LEVEL = "-O";
				VALIDATE_PRODUCT = YES;
			};
			name = Release;
		};
		D8C21A0724AF6ED9008B614B /* Debug */ = {
			isa = XCBuildConfiguration;
			baseConfigurationReference = BD0FCD7CC6C16968F63E48B1 /* Pods-task 54.debug.xcconfig */;
			buildSettings = {
				ASSETCATALOG_COMPILER_APPICON_NAME = AppIcon;
				CODE_SIGN_STYLE = Automatic;
				DEVELOPMENT_TEAM = BSYUGW848D;
				INFOPLIST_FILE = "task 54/Info.plist";
				LD_RUNPATH_SEARCH_PATHS = (
					"$(inherited)",
					"@executable_path/Frameworks",
				);
				PRODUCT_BUNDLE_IDENTIFIER = "ge.tbcbank.task-54";
				PRODUCT_NAME = "$(TARGET_NAME)";
				SWIFT_VERSION = 5.0;
				TARGETED_DEVICE_FAMILY = "1,2";
			};
			name = Debug;
		};
		D8C21A0824AF6ED9008B614B /* Release */ = {
			isa = XCBuildConfiguration;
			baseConfigurationReference = 05E501B86B600E3C95CEBA80 /* Pods-task 54.release.xcconfig */;
			buildSettings = {
				ASSETCATALOG_COMPILER_APPICON_NAME = AppIcon;
				CODE_SIGN_STYLE = Automatic;
				DEVELOPMENT_TEAM = BSYUGW848D;
				INFOPLIST_FILE = "task 54/Info.plist";
				LD_RUNPATH_SEARCH_PATHS = (
					"$(inherited)",
					"@executable_path/Frameworks",
				);
				PRODUCT_BUNDLE_IDENTIFIER = "ge.tbcbank.task-54";
				PRODUCT_NAME = "$(TARGET_NAME)";
				SWIFT_VERSION = 5.0;
				TARGETED_DEVICE_FAMILY = "1,2";
			};
			name = Release;
		};
/* End XCBuildConfiguration section */

/* Begin XCConfigurationList section */
		D8C219ED24AF6ED6008B614B /* Build configuration list for PBXProject "task 54" */ = {
			isa = XCConfigurationList;
			buildConfigurations = (
				D8C21A0424AF6ED9008B614B /* Debug */,
				D8C21A0524AF6ED9008B614B /* Release */,
			);
			defaultConfigurationIsVisible = 0;
			defaultConfigurationName = Release;
		};
		D8C21A0624AF6ED9008B614B /* Build configuration list for PBXNativeTarget "task 54" */ = {
			isa = XCConfigurationList;
			buildConfigurations = (
				D8C21A0724AF6ED9008B614B /* Debug */,
				D8C21A0824AF6ED9008B614B /* Release */,
			);
			defaultConfigurationIsVisible = 0;
			defaultConfigurationName = Release;
		};
/* End XCConfigurationList section */
	};
	rootObject = D8C219EA24AF6ED6008B614B /* Project object */;
}
