// !$*UTF8*$!
{
	archiveVersion = 1;
	classes = {
	};
	objectVersion = 50;
	objects = {

/* Begin PBXBuildFile section */
		D83BCD9D2487F4D200980CAB /* AppDelegate.swift in Sources */ = {isa = PBXBuildFile; fileRef = D83BCD9C2487F4D200980CAB /* AppDelegate.swift */; };
		D83BCD9F2487F4D200980CAB /* SceneDelegate.swift in Sources */ = {isa = PBXBuildFile; fileRef = D83BCD9E2487F4D200980CAB /* SceneDelegate.swift */; };
		D83BCDA12487F4D200980CAB /* ViewController.swift in Sources */ = {isa = PBXBuildFile; fileRef = D83BCDA02487F4D200980CAB /* ViewController.swift */; };
		D83BCDA42487F4D200980CAB /* Main.storyboard in Resources */ = {isa = PBXBuildFile; fileRef = D83BCDA22487F4D200980CAB /* Main.storyboard */; };
		D83BCDA62487F4D600980CAB /* Assets.xcassets in Resources */ = {isa = PBXBuildFile; fileRef = D83BCDA52487F4D600980CAB /* Assets.xcassets */; };
		D83BCDA92487F4D600980CAB /* LaunchScreen.storyboard in Resources */ = {isa = PBXBuildFile; fileRef = D83BCDA72487F4D600980CAB /* LaunchScreen.storyboard */; };
/* End PBXBuildFile section */

/* Begin PBXFileReference section */
		D83BCD992487F4D200980CAB /* task 33.app */ = {isa = PBXFileReference; explicitFileType = wrapper.application; includeInIndex = 0; path = "task 33.app"; sourceTree = BUILT_PRODUCTS_DIR; };
		D83BCD9C2487F4D200980CAB /* AppDelegate.swift */ = {isa = PBXFileReference; lastKnownFileType = sourcecode.swift; path = AppDelegate.swift; sourceTree = "<group>"; };
		D83BCD9E2487F4D200980CAB /* SceneDelegate.swift */ = {isa = PBXFileReference; lastKnownFileType = sourcecode.swift; path = SceneDelegate.swift; sourceTree = "<group>"; };
		D83BCDA02487F4D200980CAB /* ViewController.swift */ = {isa = PBXFileReference; lastKnownFileType = sourcecode.swift; path = ViewController.swift; sourceTree = "<group>"; };
		D83BCDA32487F4D200980CAB /* Base */ = {isa = PBXFileReference; lastKnownFileType = file.storyboard; name = Base; path = Base.lproj/Main.storyboard; sourceTree = "<group>"; };
		D83BCDA52487F4D600980CAB /* Assets.xcassets */ = {isa = PBXFileReference; lastKnownFileType = folder.assetcatalog; path = Assets.xcassets; sourceTree = "<group>"; };
		D83BCDA82487F4D600980CAB /* Base */ = {isa = PBXFileReference; lastKnownFileType = file.storyboard; name = Base; path = Base.lproj/LaunchScreen.storyboard; sourceTree = "<group>"; };
		D83BCDAA2487F4D600980CAB /* Info.plist */ = {isa = PBXFileReference; lastKnownFileType = text.plist.xml; path = Info.plist; sourceTree = "<group>"; };
/* End PBXFileReference section */

/* Begin PBXFrameworksBuildPhase section */
		D83BCD962487F4D200980CAB /* Frameworks */ = {
			isa = PBXFrameworksBuildPhase;
			buildActionMask = 2147483647;
			files = (
			);
			runOnlyForDeploymentPostprocessing = 0;
		};
/* End PBXFrameworksBuildPhase section */

/* Begin PBXGroup section */
		D83BCD902487F4D200980CAB = {
			isa = PBXGroup;
			children = (
				D83BCD9B2487F4D200980CAB /* task 33 */,
				D83BCD9A2487F4D200980CAB /* Products */,
			);
			sourceTree = "<group>";
		};
		D83BCD9A2487F4D200980CAB /* Products */ = {
			isa = PBXGroup;
			children = (
				D83BCD992487F4D200980CAB /* task 33.app */,
			);
			name = Products;
			sourceTree = "<group>";
		};
		D83BCD9B2487F4D200980CAB /* task 33 */ = {
			isa = PBXGroup;
			children = (
				D83BCD9C2487F4D200980CAB /* AppDelegate.swift */,
				D83BCD9E2487F4D200980CAB /* SceneDelegate.swift */,
				D83BCDA02487F4D200980CAB /* ViewController.swift */,
				D83BCDA22487F4D200980CAB /* Main.storyboard */,
				D83BCDA52487F4D600980CAB /* Assets.xcassets */,
				D83BCDA72487F4D600980CAB /* LaunchScreen.storyboard */,
				D83BCDAA2487F4D600980CAB /* Info.plist */,
			);
			path = "task 33";
			sourceTree = "<group>";
		};
/* End PBXGroup section */

/* Begin PBXNativeTarget section */
		D83BCD982487F4D200980CAB /* task 33 */ = {
			isa = PBXNativeTarget;
			buildConfigurationList = D83BCDAD2487F4D600980CAB /* Build configuration list for PBXNativeTarget "task 33" */;
			buildPhases = (
				D83BCD952487F4D200980CAB /* Sources */,
				D83BCD962487F4D200980CAB /* Frameworks */,
				D83BCD972487F4D200980CAB /* Resources */,
			);
			buildRules = (
			);
			dependencies = (
			);
			name = "task 33";
			productName = "task 33";
			productReference = D83BCD992487F4D200980CAB /* task 33.app */;
			productType = "com.apple.product-type.application";
		};
/* End PBXNativeTarget section */

/* Begin PBXProject section */
		D83BCD912487F4D200980CAB /* Project object */ = {
			isa = PBXProject;
			attributes = {
				LastSwiftUpdateCheck = 1150;
				LastUpgradeCheck = 1150;
				ORGANIZATIONNAME = TBC;
				TargetAttributes = {
					D83BCD982487F4D200980CAB = {
						CreatedOnToolsVersion = 11.5;
					};
				};
			};
			buildConfigurationList = D83BCD942487F4D200980CAB /* Build configuration list for PBXProject "task 33" */;
			compatibilityVersion = "Xcode 9.3";
			developmentRegion = en;
			hasScannedForEncodings = 0;
			knownRegions = (
				en,
				Base,
			);
			mainGroup = D83BCD902487F4D200980CAB;
			productRefGroup = D83BCD9A2487F4D200980CAB /* Products */;
			projectDirPath = "";
			projectRoot = "";
			targets = (
				D83BCD982487F4D200980CAB /* task 33 */,
			);
		};
/* End PBXProject section */

/* Begin PBXResourcesBuildPhase section */
		D83BCD972487F4D200980CAB /* Resources */ = {
			isa = PBXResourcesBuildPhase;
			buildActionMask = 2147483647;
			files = (
				D83BCDA92487F4D600980CAB /* LaunchScreen.storyboard in Resources */,
				D83BCDA62487F4D600980CAB /* Assets.xcassets in Resources */,
				D83BCDA42487F4D200980CAB /* Main.storyboard in Resources */,
			);
			runOnlyForDeploymentPostprocessing = 0;
		};
/* End PBXResourcesBuildPhase section */

/* Begin PBXSourcesBuildPhase section */
		D83BCD952487F4D200980CAB /* Sources */ = {
			isa = PBXSourcesBuildPhase;
			buildActionMask = 2147483647;
			files = (
				D83BCDA12487F4D200980CAB /* ViewController.swift in Sources */,
				D83BCD9D2487F4D200980CAB /* AppDelegate.swift in Sources */,
				D83BCD9F2487F4D200980CAB /* SceneDelegate.swift in Sources */,
			);
			runOnlyForDeploymentPostprocessing = 0;
		};
/* End PBXSourcesBuildPhase section */

/* Begin PBXVariantGroup section */
		D83BCDA22487F4D200980CAB /* Main.storyboard */ = {
			isa = PBXVariantGroup;
			children = (
				D83BCDA32487F4D200980CAB /* Base */,
			);
			name = Main.storyboard;
			sourceTree = "<group>";
		};
		D83BCDA72487F4D600980CAB /* LaunchScreen.storyboard */ = {
			isa = PBXVariantGroup;
			children = (
				D83BCDA82487F4D600980CAB /* Base */,
			);
			name = LaunchScreen.storyboard;
			sourceTree = "<group>";
		};
/* End PBXVariantGroup section */

/* Begin XCBuildConfiguration section */
		D83BCDAB2487F4D600980CAB /* Debug */ = {
			isa = XCBuildConfiguration;
			buildSettings = {
				ALWAYS_SEARCH_USER_PATHS = NO;
				CLANG_ANALYZER_NONNULL = YES;
				CLANG_ANALYZER_NUMBER_OBJECT_CONVERSION = YES_AGGRESSIVE;
				CLANG_CXX_LANGUAGE_STANDARD = "gnu++14";
				CLANG_CXX_LIBRARY = "libc++";
				CLANG_ENABLE_MODULES = YES;
				CLANG_ENABLE_OBJC_ARC = YES;
				CLANG_ENABLE_OBJC_WEAK = YES;
				CLANG_WARN_BLOCK_CAPTURE_AUTORELEASING = YES;
				CLANG_WARN_BOOL_CONVERSION = YES;
				CLANG_WARN_COMMA = YES;
				CLANG_WARN_CONSTANT_CONVERSION = YES;
				CLANG_WARN_DEPRECATED_OBJC_IMPLEMENTATIONS = YES;
				CLANG_WARN_DIRECT_OBJC_ISA_USAGE = YES_ERROR;
				CLANG_WARN_DOCUMENTATION_COMMENTS = YES;
				CLANG_WARN_EMPTY_BODY = YES;
				CLANG_WARN_ENUM_CONVERSION = YES;
				CLANG_WARN_INFINITE_RECURSION = YES;
				CLANG_WARN_INT_CONVERSION = YES;
				CLANG_WARN_NON_LITERAL_NULL_CONVERSION = YES;
				CLANG_WARN_OBJC_IMPLICIT_RETAIN_SELF = YES;
				CLANG_WARN_OBJC_LITERAL_CONVERSION = YES;
				CLANG_WARN_OBJC_ROOT_CLASS = YES_ERROR;
				CLANG_WARN_RANGE_LOOP_ANALYSIS = YES;
				CLANG_WARN_STRICT_PROTOTYPES = YES;
				CLANG_WARN_SUSPICIOUS_MOVE = YES;
				CLANG_WARN_UNGUARDED_AVAILABILITY = YES_AGGRESSIVE;
				CLANG_WARN_UNREACHABLE_CODE = YES;
				CLANG_WARN__DUPLICATE_METHOD_MATCH = YES;
				COPY_PHASE_STRIP = NO;
				DEBUG_INFORMATION_FORMAT = dwarf;
				ENABLE_STRICT_OBJC_MSGSEND = YES;
				ENABLE_TESTABILITY = YES;
				GCC_C_LANGUAGE_STANDARD = gnu11;
				GCC_DYNAMIC_NO_PIC = NO;
				GCC_NO_COMMON_BLOCKS = YES;
				GCC_OPTIMIZATION_LEVEL = 0;
				GCC_PREPROCESSOR_DEFINITIONS = (
					"DEBUG=1",
					"$(inherited)",
				);
				GCC_WARN_64_TO_32_BIT_CONVERSION = YES;
				GCC_WARN_ABOUT_RETURN_TYPE = YES_ERROR;
				GCC_WARN_UNDECLARED_SELECTOR = YES;
				GCC_WARN_UNINITIALIZED_AUTOS = YES_AGGRESSIVE;
				GCC_WARN_UNUSED_FUNCTION = YES;
				GCC_WARN_UNUSED_VARIABLE = YES;
				IPHONEOS_DEPLOYMENT_TARGET = 13.5;
				MTL_ENABLE_DEBUG_INFO = INCLUDE_SOURCE;
				MTL_FAST_MATH = YES;
				ONLY_ACTIVE_ARCH = YES;
				SDKROOT = iphoneos;
				SWIFT_ACTIVE_COMPILATION_CONDITIONS = DEBUG;
				SWIFT_OPTIMIZATION_LEVEL = "-Onone";
			};
			name = Debug;
		};
		D83BCDAC2487F4D600980CAB /* Release */ = {
			isa = XCBuildConfiguration;
			buildSettings = {
				ALWAYS_SEARCH_USER_PATHS = NO;
				CLANG_ANALYZER_NONNULL = YES;
				CLANG_ANALYZER_NUMBER_OBJECT_CONVERSION = YES_AGGRESSIVE;
				CLANG_CXX_LANGUAGE_STANDARD = "gnu++14";
				CLANG_CXX_LIBRARY = "libc++";
				CLANG_ENABLE_MODULES = YES;
				CLANG_ENABLE_OBJC_ARC = YES;
				CLANG_ENABLE_OBJC_WEAK = YES;
				CLANG_WARN_BLOCK_CAPTURE_AUTORELEASING = YES;
				CLANG_WARN_BOOL_CONVERSION = YES;
				CLANG_WARN_COMMA = YES;
				CLANG_WARN_CONSTANT_CONVERSION = YES;
				CLANG_WARN_DEPRECATED_OBJC_IMPLEMENTATIONS = YES;
				CLANG_WARN_DIRECT_OBJC_ISA_USAGE = YES_ERROR;
				CLANG_WARN_DOCUMENTATION_COMMENTS = YES;
				CLANG_WARN_EMPTY_BODY = YES;
				CLANG_WARN_ENUM_CONVERSION = YES;
				CLANG_WARN_INFINITE_RECURSION = YES;
				CLANG_WARN_INT_CONVERSION = YES;
				CLANG_WARN_NON_LITERAL_NULL_CONVERSION = YES;
				CLANG_WARN_OBJC_IMPLICIT_RETAIN_SELF = YES;
				CLANG_WARN_OBJC_LITERAL_CONVERSION = YES;
				CLANG_WARN_OBJC_ROOT_CLASS = YES_ERROR;
				CLANG_WARN_RANGE_LOOP_ANALYSIS = YES;
				CLANG_WARN_STRICT_PROTOTYPES = YES;
				CLANG_WARN_SUSPICIOUS_MOVE = YES;
				CLANG_WARN_UNGUARDED_AVAILABILITY = YES_AGGRESSIVE;
				CLANG_WARN_UNREACHABLE_CODE = YES;
				CLANG_WARN__DUPLICATE_METHOD_MATCH = YES;
				COPY_PHASE_STRIP = NO;
				DEBUG_INFORMATION_FORMAT = "dwarf-with-dsym";
				ENABLE_NS_ASSERTIONS = NO;
				ENABLE_STRICT_OBJC_MSGSEND = YES;
				GCC_C_LANGUAGE_STANDARD = gnu11;
				GCC_NO_COMMON_BLOCKS = YES;
				GCC_WARN_64_TO_32_BIT_CONVERSION = YES;
				GCC_WARN_ABOUT_RETURN_TYPE = YES_ERROR;
				GCC_WARN_UNDECLARED_SELECTOR = YES;
				GCC_WARN_UNINITIALIZED_AUTOS = YES_AGGRESSIVE;
				GCC_WARN_UNUSED_FUNCTION = YES;
				GCC_WARN_UNUSED_VARIABLE = YES;
				IPHONEOS_DEPLOYMENT_TARGET = 13.5;
				MTL_ENABLE_DEBUG_INFO = NO;
				MTL_FAST_MATH = YES;
				SDKROOT = iphoneos;
				SWIFT_COMPILATION_MODE = wholemodule;
				SWIFT_OPTIMIZATION_LEVEL = "-O";
				VALIDATE_PRODUCT = YES;
			};
			name = Release;
		};
		D83BCDAE2487F4D600980CAB /* Debug */ = {
			isa = XCBuildConfiguration;
			buildSettings = {
				ASSETCATALOG_COMPILER_APPICON_NAME = AppIcon;
				CODE_SIGN_STYLE = Automatic;
				DEVELOPMENT_TEAM = BSYUGW848D;
				INFOPLIST_FILE = "task 33/Info.plist";
				LD_RUNPATH_SEARCH_PATHS = (
					"$(inherited)",
					"@executable_path/Frameworks",
				);
				PRODUCT_BUNDLE_IDENTIFIER = "ge.tbcbank.task-33";
				PRODUCT_NAME = "$(TARGET_NAME)";
				SWIFT_VERSION = 5.0;
				TARGETED_DEVICE_FAMILY = "1,2";
			};
			name = Debug;
		};
		D83BCDAF2487F4D600980CAB /* Release */ = {
			isa = XCBuildConfiguration;
			buildSettings = {
				ASSETCATALOG_COMPILER_APPICON_NAME = AppIcon;
				CODE_SIGN_STYLE = Automatic;
				DEVELOPMENT_TEAM = BSYUGW848D;
				INFOPLIST_FILE = "task 33/Info.plist";
				LD_RUNPATH_SEARCH_PATHS = (
					"$(inherited)",
					"@executable_path/Frameworks",
				);
				PRODUCT_BUNDLE_IDENTIFIER = "ge.tbcbank.task-33";
				PRODUCT_NAME = "$(TARGET_NAME)";
				SWIFT_VERSION = 5.0;
				TARGETED_DEVICE_FAMILY = "1,2";
			};
			name = Release;
		};
/* End XCBuildConfiguration section */

/* Begin XCConfigurationList section */
		D83BCD942487F4D200980CAB /* Build configuration list for PBXProject "task 33" */ = {
			isa = XCConfigurationList;
			buildConfigurations = (
				D83BCDAB2487F4D600980CAB /* Debug */,
				D83BCDAC2487F4D600980CAB /* Release */,
			);
			defaultConfigurationIsVisible = 0;
			defaultConfigurationName = Release;
		};
		D83BCDAD2487F4D600980CAB /* Build configuration list for PBXNativeTarget "task 33" */ = {
			isa = XCConfigurationList;
			buildConfigurations = (
				D83BCDAE2487F4D600980CAB /* Debug */,
				D83BCDAF2487F4D600980CAB /* Release */,
			);
			defaultConfigurationIsVisible = 0;
			defaultConfigurationName = Release;
		};
/* End XCConfigurationList section */
	};
	rootObject = D83BCD912487F4D200980CAB /* Project object */;
}
